// !$*UTF8*$!
{
	archiveVersion = 1;
	classes = {
	};
	objectVersion = 77;
	objects = {

/* Begin PBXContainerItemProxy section */
		D8F7BA9B2CEFBA94002FB380 /* PBXContainerItemProxy */ = {
			isa = PBXContainerItemProxy;
			containerPortal = D8F7BA7C2CEFBA91002FB380 /* Project object */;
			proxyType = 1;
			remoteGlobalIDString = D8F7BA832CEFBA91002FB380;
			remoteInfo = randomizer;
		};
		D8F7BAA52CEFBA94002FB380 /* PBXContainerItemProxy */ = {
			isa = PBXContainerItemProxy;
			containerPortal = D8F7BA7C2CEFBA91002FB380 /* Project object */;
			proxyType = 1;
			remoteGlobalIDString = D8F7BA832CEFBA91002FB380;
			remoteInfo = randomizer;
		};
/* End PBXContainerItemProxy section */

/* Begin PBXFileReference section */
		D8F7BA842CEFBA91002FB380 /* randomizer.app */ = {isa = PBXFileReference; explicitFileType = wrapper.application; includeInIndex = 0; path = randomizer.app; sourceTree = BUILT_PRODUCTS_DIR; };
		D8F7BA9A2CEFBA94002FB380 /* randomizerTests.xctest */ = {isa = PBXFileReference; explicitFileType = wrapper.cfbundle; includeInIndex = 0; path = randomizerTests.xctest; sourceTree = BUILT_PRODUCTS_DIR; };
		D8F7BAA42CEFBA94002FB380 /* randomizerUITests.xctest */ = {isa = PBXFileReference; explicitFileType = wrapper.cfbundle; includeInIndex = 0; path = randomizerUITests.xctest; sourceTree = BUILT_PRODUCTS_DIR; };
/* End PBXFileReference section */

/* Begin PBXFileSystemSynchronizedBuildFileExceptionSet section */
		D8F7BAAC2CEFBA94002FB380 /* Exceptions for "randomizer" folder in "randomizer" target */ = {
			isa = PBXFileSystemSynchronizedBuildFileExceptionSet;
			membershipExceptions = (
				Info.plist,
			);
			target = D8F7BA832CEFBA91002FB380 /* randomizer */;
		};
/* End PBXFileSystemSynchronizedBuildFileExceptionSet section */

/* Begin PBXFileSystemSynchronizedRootGroup section */
		D8F7BA862CEFBA91002FB380 /* randomizer */ = {
			isa = PBXFileSystemSynchronizedRootGroup;
			exceptions = (
				D8F7BAAC2CEFBA94002FB380 /* Exceptions for "randomizer" folder in "randomizer" target */,
			);
			path = randomizer;
			sourceTree = "<group>";
		};
		D8F7BA9D2CEFBA94002FB380 /* randomizerTests */ = {
			isa = PBXFileSystemSynchronizedRootGroup;
			path = randomizerTests;
			sourceTree = "<group>";
		};
		D8F7BAA72CEFBA94002FB380 /* randomizerUITests */ = {
			isa = PBXFileSystemSynchronizedRootGroup;
			path = randomizerUITests;
			sourceTree = "<group>";
		};
/* End PBXFileSystemSynchronizedRootGroup section */

/* Begin PBXFrameworksBuildPhase section */
		D8F7BA812CEFBA91002FB380 /* Frameworks */ = {
			isa = PBXFrameworksBuildPhase;
			buildActionMask = 2147483647;
			files = (
			);
			runOnlyForDeploymentPostprocessing = 0;
		};
		D8F7BA972CEFBA94002FB380 /* Frameworks */ = {
			isa = PBXFrameworksBuildPhase;
			buildActionMask = 2147483647;
			files = (
			);
			runOnlyForDeploymentPostprocessing = 0;
		};
		D8F7BAA12CEFBA94002FB380 /* Frameworks */ = {
			isa = PBXFrameworksBuildPhase;
			buildActionMask = 2147483647;
			files = (
			);
			runOnlyForDeploymentPostprocessing = 0;
		};
/* End PBXFrameworksBuildPhase section */

/* Begin PBXGroup section */
		D8F7BA7B2CEFBA91002FB380 = {
			isa = PBXGroup;
			children = (
				D8F7BA862CEFBA91002FB380 /* randomizer */,
				D8F7BA9D2CEFBA94002FB380 /* randomizerTests */,
				D8F7BAA72CEFBA94002FB380 /* randomizerUITests */,
				D8F7BA852CEFBA91002FB380 /* Products */,
			);
			sourceTree = "<group>";
		};
		D8F7BA852CEFBA91002FB380 /* Products */ = {
			isa = PBXGroup;
			children = (
				D8F7BA842CEFBA91002FB380 /* randomizer.app */,
				D8F7BA9A2CEFBA94002FB380 /* randomizerTests.xctest */,
				D8F7BAA42CEFBA94002FB380 /* randomizerUITests.xctest */,
			);
			name = Products;
			sourceTree = "<group>";
		};
/* End PBXGroup section */

/* Begin PBXNativeTarget section */
		D8F7BA832CEFBA91002FB380 /* randomizer */ = {
			isa = PBXNativeTarget;
			buildConfigurationList = D8F7BAAD2CEFBA94002FB380 /* Build configuration list for PBXNativeTarget "randomizer" */;
			buildPhases = (
				D8F7BA802CEFBA91002FB380 /* Sources */,
				D8F7BA812CEFBA91002FB380 /* Frameworks */,
				D8F7BA822CEFBA91002FB380 /* Resources */,
			);
			buildRules = (
			);
			dependencies = (
			);
			fileSystemSynchronizedGroups = (
				D8F7BA862CEFBA91002FB380 /* randomizer */,
			);
			name = randomizer;
			packageProductDependencies = (
			);
			productName = randomizer;
			productReference = D8F7BA842CEFBA91002FB380 /* randomizer.app */;
			productType = "com.apple.product-type.application";
		};
		D8F7BA992CEFBA94002FB380 /* randomizerTests */ = {
			isa = PBXNativeTarget;
			buildConfigurationList = D8F7BAB22CEFBA94002FB380 /* Build configuration list for PBXNativeTarget "randomizerTests" */;
			buildPhases = (
				D8F7BA962CEFBA94002FB380 /* Sources */,
				D8F7BA972CEFBA94002FB380 /* Frameworks */,
				D8F7BA982CEFBA94002FB380 /* Resources */,
			);
			buildRules = (
			);
			dependencies = (
				D8F7BA9C2CEFBA94002FB380 /* PBXTargetDependency */,
			);
			fileSystemSynchronizedGroups = (
				D8F7BA9D2CEFBA94002FB380 /* randomizerTests */,
			);
			name = randomizerTests;
			packageProductDependencies = (
			);
			productName = randomizerTests;
			productReference = D8F7BA9A2CEFBA94002FB380 /* randomizerTests.xctest */;
			productType = "com.apple.product-type.bundle.unit-test";
		};
		D8F7BAA32CEFBA94002FB380 /* randomizerUITests */ = {
			isa = PBXNativeTarget;
			buildConfigurationList = D8F7BAB52CEFBA94002FB380 /* Build configuration list for PBXNativeTarget "randomizerUITests" */;
			buildPhases = (
				D8F7BAA02CEFBA94002FB380 /* Sources */,
				D8F7BAA12CEFBA94002FB380 /* Frameworks */,
				D8F7BAA22CEFBA94002FB380 /* Resources */,
			);
			buildRules = (
			);
			dependencies = (
				D8F7BAA62CEFBA94002FB380 /* PBXTargetDependency */,
			);
			fileSystemSynchronizedGroups = (
				D8F7BAA72CEFBA94002FB380 /* randomizerUITests */,
			);
			name = randomizerUITests;
			packageProductDependencies = (
			);
			productName = randomizerUITests;
			productReference = D8F7BAA42CEFBA94002FB380 /* randomizerUITests.xctest */;
			productType = "com.apple.product-type.bundle.ui-testing";
		};
/* End PBXNativeTarget section */

/* Begin PBXProject section */
		D8F7BA7C2CEFBA91002FB380 /* Project object */ = {
			isa = PBXProject;
			attributes = {
				BuildIndependentTargetsInParallel = 1;
				LastSwiftUpdateCheck = 1610;
				LastUpgradeCheck = 1610;
				TargetAttributes = {
					D8F7BA832CEFBA91002FB380 = {
						CreatedOnToolsVersion = 16.1;
					};
					D8F7BA992CEFBA94002FB380 = {
						CreatedOnToolsVersion = 16.1;
						TestTargetID = D8F7BA832CEFBA91002FB380;
					};
					D8F7BAA32CEFBA94002FB380 = {
						CreatedOnToolsVersion = 16.1;
						TestTargetID = D8F7BA832CEFBA91002FB380;
					};
				};
			};
			buildConfigurationList = D8F7BA7F2CEFBA91002FB380 /* Build configuration list for PBXProject "randomizer" */;
			developmentRegion = en;
			hasScannedForEncodings = 0;
			knownRegions = (
				en,
				Base,
			);
			mainGroup = D8F7BA7B2CEFBA91002FB380;
			minimizedProjectReferenceProxies = 1;
			preferredProjectObjectVersion = 77;
			productRefGroup = D8F7BA852CEFBA91002FB380 /* Products */;
			projectDirPath = "";
			projectRoot = "";
			targets = (
				D8F7BA832CEFBA91002FB380 /* randomizer */,
				D8F7BA992CEFBA94002FB380 /* randomizerTests */,
				D8F7BAA32CEFBA94002FB380 /* randomizerUITests */,
			);
		};
/* End PBXProject section */

/* Begin PBXResourcesBuildPhase section */
		D8F7BA822CEFBA91002FB380 /* Resources */ = {
			isa = PBXResourcesBuildPhase;
			buildActionMask = 2147483647;
			files = (
			);
			runOnlyForDeploymentPostprocessing = 0;
		};
		D8F7BA982CEFBA94002FB380 /* Resources */ = {
			isa = PBXResourcesBuildPhase;
			buildActionMask = 2147483647;
			files = (
			);
			runOnlyForDeploymentPostprocessing = 0;
		};
		D8F7BAA22CEFBA94002FB380 /* Resources */ = {
			isa = PBXResourcesBuildPhase;
			buildActionMask = 2147483647;
			files = (
			);
			runOnlyForDeploymentPostprocessing = 0;
		};
/* End PBXResourcesBuildPhase section */

/* Begin PBXSourcesBuildPhase section */
		D8F7BA802CEFBA91002FB380 /* Sources */ = {
			isa = PBXSourcesBuildPhase;
			buildActionMask = 2147483647;
			files = (
			);
			runOnlyForDeploymentPostprocessing = 0;
		};
		D8F7BA962CEFBA94002FB380 /* Sources */ = {
			isa = PBXSourcesBuildPhase;
			buildActionMask = 2147483647;
			files = (
			);
			runOnlyForDeploymentPostprocessing = 0;
		};
		D8F7BAA02CEFBA94002FB380 /* Sources */ = {
			isa = PBXSourcesBuildPhase;
			buildActionMask = 2147483647;
			files = (
			);
			runOnlyForDeploymentPostprocessing = 0;
		};
/* End PBXSourcesBuildPhase section */

/* Begin PBXTargetDependency section */
		D8F7BA9C2CEFBA94002FB380 /* PBXTargetDependency */ = {
			isa = PBXTargetDependency;
			target = D8F7BA832CEFBA91002FB380 /* randomizer */;
			targetProxy = D8F7BA9B2CEFBA94002FB380 /* PBXContainerItemProxy */;
		};
		D8F7BAA62CEFBA94002FB380 /* PBXTargetDependency */ = {
			isa = PBXTargetDependency;
			target = D8F7BA832CEFBA91002FB380 /* randomizer */;
			targetProxy = D8F7BAA52CEFBA94002FB380 /* PBXContainerItemProxy */;
		};
/* End PBXTargetDependency section */

/* Begin XCBuildConfiguration section */
		D8F7BAAE2CEFBA94002FB380 /* Debug */ = {
			isa = XCBuildConfiguration;
			buildSettings = {
				ASSETCATALOG_COMPILER_APPICON_NAME = AppIcon;
				ASSETCATALOG_COMPILER_GLOBAL_ACCENT_COLOR_NAME = AccentColor;
				CODE_SIGN_STYLE = Automatic;
				CURRENT_PROJECT_VERSION = 1;
				DEVELOPMENT_TEAM = 359X75B9C6;
				GENERATE_INFOPLIST_FILE = YES;
				INFOPLIST_FILE = randomizer/Info.plist;
				INFOPLIST_KEY_UIApplicationSupportsIndirectInputEvents = YES;
				INFOPLIST_KEY_UILaunchStoryboardName = LaunchScreen;
				INFOPLIST_KEY_UIMainStoryboardFile = Main;
				INFOPLIST_KEY_UISupportedInterfaceOrientations_iPad = "UIInterfaceOrientationPortrait UIInterfaceOrientationPortraitUpsideDown UIInterfaceOrientationLandscapeLeft UIInterfaceOrientationLandscapeRight";
				INFOPLIST_KEY_UISupportedInterfaceOrientations_iPhone = "UIInterfaceOrientationPortrait UIInterfaceOrientationLandscapeLeft UIInterfaceOrientationLandscapeRight";
				LD_RUNPATH_SEARCH_PATHS = (
					"$(inherited)",
					"@executable_path/Frameworks",
				);
				MARKETING_VERSION = 1.0;
				PRODUCT_BUNDLE_IDENTIFIER = none.randomizer;
				PRODUCT_NAME = "$(TARGET_NAME)";
				SWIFT_EMIT_LOC_STRINGS = YES;
				SWIFT_VERSION = 5.0;
				TARGETED_DEVICE_FAMILY = "1,2";
			};
			name = Debug;
		};
		D8F7BAAF2CEFBA94002FB380 /* Release */ = {
			isa = XCBuildConfiguration;
			buildSettings = {
				ASSETCATALOG_COMPILER_APPICON_NAME = AppIcon;
				ASSETCATALOG_COMPILER_GLOBAL_ACCENT_COLOR_NAME = AccentColor;
				CODE_SIGN_STYLE = Automatic;
				CURRENT_PROJECT_VERSION = 1;
				DEVELOPMENT_TEAM = 359X75B9C6;
				GENERATE_INFOPLIST_FILE = YES;
				INFOPLIST_FILE = randomizer/Info.plist;
				INFOPLIST_KEY_UIApplicationSupportsIndirectInputEvents = YES;
				INFOPLIST_KEY_UILaunchStoryboardName = LaunchScreen;
				INFOPLIST_KEY_UIMainStoryboardFile = Main;
				INFOPLIST_KEY_UISupportedInterfaceOrientations_iPad = "UIInterfaceOrientationPortrait UIInterfaceOrientationPortraitUpsideDown UIInterfaceOrientationLandscapeLeft UIInterfaceOrientationLandscapeRight";
				INFOPLIST_KEY_UISupportedInterfaceOrientations_iPhone = "UIInterfaceOrientationPortrait UIInterfaceOrientationLandscapeLeft UIInterfaceOrientationLandscapeRight";
				LD_RUNPATH_SEARCH_PATHS = (
					"$(inherited)",
					"@executable_path/Frameworks",
				);
				MARKETING_VERSION = 1.0;
				PRODUCT_BUNDLE_IDENTIFIER = none.randomizer;
				PRODUCT_NAME = "$(TARGET_NAME)";
				SWIFT_EMIT_LOC_STRINGS = YES;
				SWIFT_VERSION = 5.0;
				TARGETED_DEVICE_FAMILY = "1,2";
			};
			name = Release;
		};
		D8F7BAB02CEFBA94002FB380 /* Debug */ = {
			isa = XCBuildConfiguration;
			buildSettings = {
				ALWAYS_SEARCH_USER_PATHS = NO;
				ASSETCATALOG_COMPILER_GENERATE_SWIFT_ASSET_SYMBOL_EXTENSIONS = YES;
				CLANG_ANALYZER_NONNULL = YES;
				CLANG_ANALYZER_NUMBER_OBJECT_CONVERSION = YES_AGGRESSIVE;
				CLANG_CXX_LANGUAGE_STANDARD = "gnu++20";
				CLANG_ENABLE_MODULES = YES;
				CLANG_ENABLE_OBJC_ARC = YES;
				CLANG_ENABLE_OBJC_WEAK = YES;
				CLANG_WARN_BLOCK_CAPTURE_AUTORELEASING = YES;
				CLANG_WARN_BOOL_CONVERSION = YES;
				CLANG_WARN_COMMA = YES;
				CLANG_WARN_CONSTANT_CONVERSION = YES;
				CLANG_WARN_DEPRECATED_OBJC_IMPLEMENTATIONS = YES;
				CLANG_WARN_DIRECT_OBJC_ISA_USAGE = YES_ERROR;
				CLANG_WARN_DOCUMENTATION_COMMENTS = YES;
				CLANG_WARN_EMPTY_BODY = YES;
				CLANG_WARN_ENUM_CONVERSION = YES;
				CLANG_WARN_INFINITE_RECURSION = YES;
				CLANG_WARN_INT_CONVERSION = YES;
				CLANG_WARN_NON_LITERAL_NULL_CONVERSION = YES;
				CLANG_WARN_OBJC_IMPLICIT_RETAIN_SELF = YES;
				CLANG_WARN_OBJC_LITERAL_CONVERSION = YES;
				CLANG_WARN_OBJC_ROOT_CLASS = YES_ERROR;
				CLANG_WARN_QUOTED_INCLUDE_IN_FRAMEWORK_HEADER = YES;
				CLANG_WARN_RANGE_LOOP_ANALYSIS = YES;
				CLANG_WARN_STRICT_PROTOTYPES = YES;
				CLANG_WARN_SUSPICIOUS_MOVE = YES;
				CLANG_WARN_UNGUARDED_AVAILABILITY = YES_AGGRESSIVE;
				CLANG_WARN_UNREACHABLE_CODE = YES;
				CLANG_WARN__DUPLICATE_METHOD_MATCH = YES;
				COPY_PHASE_STRIP = NO;
				DEBUG_INFORMATION_FORMAT = dwarf;
				ENABLE_STRICT_OBJC_MSGSEND = YES;
				ENABLE_TESTABILITY = YES;
				ENABLE_USER_SCRIPT_SANDBOXING = YES;
				GCC_C_LANGUAGE_STANDARD = gnu17;
				GCC_DYNAMIC_NO_PIC = NO;
				GCC_NO_COMMON_BLOCKS = YES;
				GCC_OPTIMIZATION_LEVEL = 0;
				GCC_PREPROCESSOR_DEFINITIONS = (
					"DEBUG=1",
					"$(inherited)",
				);
				GCC_WARN_64_TO_32_BIT_CONVERSION = YES;
				GCC_WARN_ABOUT_RETURN_TYPE = YES_ERROR;
				GCC_WARN_UNDECLARED_SELECTOR = YES;
				GCC_WARN_UNINITIALIZED_AUTOS = YES_AGGRESSIVE;
				GCC_WARN_UNUSED_FUNCTION = YES;
				GCC_WARN_UNUSED_VARIABLE = YES;
				IPHONEOS_DEPLOYMENT_TARGET = 18.1;
				LOCALIZATION_PREFERS_STRING_CATALOGS = YES;
				MTL_ENABLE_DEBUG_INFO = INCLUDE_SOURCE;
				MTL_FAST_MATH = YES;
				ONLY_ACTIVE_ARCH = YES;
				SDKROOT = iphoneos;
				SWIFT_ACTIVE_COMPILATION_CONDITIONS = "DEBUG $(inherited)";
				SWIFT_OPTIMIZATION_LEVEL = "-Onone";
			};
			name = Debug;
		};
		D8F7BAB12CEFBA94002FB380 /* Release */ = {
			isa = XCBuildConfiguration;
			buildSettings = {
				ALWAYS_SEARCH_USER_PATHS = NO;
				ASSETCATALOG_COMPILER_GENERATE_SWIFT_ASSET_SYMBOL_EXTENSIONS = YES;
				CLANG_ANALYZER_NONNULL = YES;
				CLANG_ANALYZER_NUMBER_OBJECT_CONVERSION = YES_AGGRESSIVE;
				CLANG_CXX_LANGUAGE_STANDARD = "gnu++20";
				CLANG_ENABLE_MODULES = YES;
				CLANG_ENABLE_OBJC_ARC = YES;
				CLANG_ENABLE_OBJC_WEAK = YES;
				CLANG_WARN_BLOCK_CAPTURE_AUTORELEASING = YES;
				CLANG_WARN_BOOL_CONVERSION = YES;
				CLANG_WARN_COMMA = YES;
				CLANG_WARN_CONSTANT_CONVERSION = YES;
				CLANG_WARN_DEPRECATED_OBJC_IMPLEMENTATIONS = YES;
				CLANG_WARN_DIRECT_OBJC_ISA_USAGE = YES_ERROR;
				CLANG_WARN_DOCUMENTATION_COMMENTS = YES;
				CLANG_WARN_EMPTY_BODY = YES;
				CLANG_WARN_ENUM_CONVERSION = YES;
				CLANG_WARN_INFINITE_RECURSION = YES;
				CLANG_WARN_INT_CONVERSION = YES;
				CLANG_WARN_NON_LITERAL_NULL_CONVERSION = YES;
				CLANG_WARN_OBJC_IMPLICIT_RETAIN_SELF = YES;
				CLANG_WARN_OBJC_LITERAL_CONVERSION = YES;
				CLANG_WARN_OBJC_ROOT_CLASS = YES_ERROR;
				CLANG_WARN_QUOTED_INCLUDE_IN_FRAMEWORK_HEADER = YES;
				CLANG_WARN_RANGE_LOOP_ANALYSIS = YES;
				CLANG_WARN_STRICT_PROTOTYPES = YES;
				CLANG_WARN_SUSPICIOUS_MOVE = YES;
				CLANG_WARN_UNGUARDED_AVAILABILITY = YES_AGGRESSIVE;
				CLANG_WARN_UNREACHABLE_CODE = YES;
				CLANG_WARN__DUPLICATE_METHOD_MATCH = YES;
				COPY_PHASE_STRIP = NO;
				DEBUG_INFORMATION_FORMAT = "dwarf-with-dsym";
				ENABLE_NS_ASSERTIONS = NO;
				ENABLE_STRICT_OBJC_MSGSEND = YES;
				ENABLE_USER_SCRIPT_SANDBOXING = YES;
				GCC_C_LANGUAGE_STANDARD = gnu17;
				GCC_NO_COMMON_BLOCKS = YES;
				GCC_WARN_64_TO_32_BIT_CONVERSION = YES;
				GCC_WARN_ABOUT_RETURN_TYPE = YES_ERROR;
				GCC_WARN_UNDECLARED_SELECTOR = YES;
				GCC_WARN_UNINITIALIZED_AUTOS = YES_AGGRESSIVE;
				GCC_WARN_UNUSED_FUNCTION = YES;
				GCC_WARN_UNUSED_VARIABLE = YES;
				IPHONEOS_DEPLOYMENT_TARGET = 18.1;
				LOCALIZATION_PREFERS_STRING_CATALOGS = YES;
				MTL_ENABLE_DEBUG_INFO = NO;
				MTL_FAST_MATH = YES;
				SDKROOT = iphoneos;
				SWIFT_COMPILATION_MODE = wholemodule;
				VALIDATE_PRODUCT = YES;
			};
			name = Release;
		};
		D8F7BAB32CEFBA94002FB380 /* Debug */ = {
			isa = XCBuildConfiguration;
			buildSettings = {
				BUNDLE_LOADER = "$(TEST_HOST)";
				CODE_SIGN_STYLE = Automatic;
				CURRENT_PROJECT_VERSION = 1;
				DEVELOPMENT_TEAM = 359X75B9C6;
				GENERATE_INFOPLIST_FILE = YES;
				IPHONEOS_DEPLOYMENT_TARGET = 18.1;
				MARKETING_VERSION = 1.0;
				PRODUCT_BUNDLE_IDENTIFIER = none.randomizerTests;
				PRODUCT_NAME = "$(TARGET_NAME)";
				SWIFT_EMIT_LOC_STRINGS = NO;
				SWIFT_VERSION = 5.0;
				TARGETED_DEVICE_FAMILY = "1,2";
				TEST_HOST = "$(BUILT_PRODUCTS_DIR)/randomizer.app/$(BUNDLE_EXECUTABLE_FOLDER_PATH)/randomizer";
			};
			name = Debug;
		};
		D8F7BAB42CEFBA94002FB380 /* Release */ = {
			isa = XCBuildConfiguration;
			buildSettings = {
				BUNDLE_LOADER = "$(TEST_HOST)";
				CODE_SIGN_STYLE = Automatic;
				CURRENT_PROJECT_VERSION = 1;
				DEVELOPMENT_TEAM = 359X75B9C6;
				GENERATE_INFOPLIST_FILE = YES;
				IPHONEOS_DEPLOYMENT_TARGET = 18.1;
				MARKETING_VERSION = 1.0;
				PRODUCT_BUNDLE_IDENTIFIER = none.randomizerTests;
				PRODUCT_NAME = "$(TARGET_NAME)";
				SWIFT_EMIT_LOC_STRINGS = NO;
				SWIFT_VERSION = 5.0;
				TARGETED_DEVICE_FAMILY = "1,2";
				TEST_HOST = "$(BUILT_PRODUCTS_DIR)/randomizer.app/$(BUNDLE_EXECUTABLE_FOLDER_PATH)/randomizer";
			};
			name = Release;
		};
		D8F7BAB62CEFBA94002FB380 /* Debug */ = {
			isa = XCBuildConfiguration;
			buildSettings = {
				CODE_SIGN_STYLE = Automatic;
				CURRENT_PROJECT_VERSION = 1;
				DEVELOPMENT_TEAM = 359X75B9C6;
				GENERATE_INFOPLIST_FILE = YES;
				MARKETING_VERSION = 1.0;
				PRODUCT_BUNDLE_IDENTIFIER = none.randomizerUITests;
				PRODUCT_NAME = "$(TARGET_NAME)";
				SWIFT_EMIT_LOC_STRINGS = NO;
				SWIFT_VERSION = 5.0;
				TARGETED_DEVICE_FAMILY = "1,2";
				TEST_TARGET_NAME = randomizer;
			};
			name = Debug;
		};
		D8F7BAB72CEFBA94002FB380 /* Release */ = {
			isa = XCBuildConfiguration;
			buildSettings = {
				CODE_SIGN_STYLE = Automatic;
				CURRENT_PROJECT_VERSION = 1;
				DEVELOPMENT_TEAM = 359X75B9C6;
				GENERATE_INFOPLIST_FILE = YES;
				MARKETING_VERSION = 1.0;
				PRODUCT_BUNDLE_IDENTIFIER = none.randomizerUITests;
				PRODUCT_NAME = "$(TARGET_NAME)";
				SWIFT_EMIT_LOC_STRINGS = NO;
				SWIFT_VERSION = 5.0;
				TARGETED_DEVICE_FAMILY = "1,2";
				TEST_TARGET_NAME = randomizer;
			};
			name = Release;
		};
/* End XCBuildConfiguration section */

/* Begin XCConfigurationList section */
		D8F7BA7F2CEFBA91002FB380 /* Build configuration list for PBXProject "randomizer" */ = {
			isa = XCConfigurationList;
			buildConfigurations = (
				D8F7BAB02CEFBA94002FB380 /* Debug */,
				D8F7BAB12CEFBA94002FB380 /* Release */,
			);
			defaultConfigurationIsVisible = 0;
			defaultConfigurationName = Release;
		};
		D8F7BAAD2CEFBA94002FB380 /* Build configuration list for PBXNativeTarget "randomizer" */ = {
			isa = XCConfigurationList;
			buildConfigurations = (
				D8F7BAAE2CEFBA94002FB380 /* Debug */,
				D8F7BAAF2CEFBA94002FB380 /* Release */,
			);
			defaultConfigurationIsVisible = 0;
			defaultConfigurationName = Release;
		};
		D8F7BAB22CEFBA94002FB380 /* Build configuration list for PBXNativeTarget "randomizerTests" */ = {
			isa = XCConfigurationList;
			buildConfigurations = (
				D8F7BAB32CEFBA94002FB380 /* Debug */,
				D8F7BAB42CEFBA94002FB380 /* Release */,
			);
			defaultConfigurationIsVisible = 0;
			defaultConfigurationName = Release;
		};
		D8F7BAB52CEFBA94002FB380 /* Build configuration list for PBXNativeTarget "randomizerUITests" */ = {
			isa = XCConfigurationList;
			buildConfigurations = (
				D8F7BAB62CEFBA94002FB380 /* Debug */,
				D8F7BAB72CEFBA94002FB380 /* Release */,
			);
			defaultConfigurationIsVisible = 0;
			defaultConfigurationName = Release;
		};
/* End XCConfigurationList section */
	};
	rootObject = D8F7BA7C2CEFBA91002FB380 /* Project object */;
}
