// !$*UTF8*$!
{
	archiveVersion = 1;
	classes = {
	};
	objectVersion = 56;
	objects = {

/* Begin PBXBuildFile section */
		13312B322CA5E39F009206A9 /* AppDelegate.swift in Sources */ = {isa = PBXBuildFile; fileRef = 13312B312CA5E39F009206A9 /* AppDelegate.swift */; };
		13312B342CA5E39F009206A9 /* SceneDelegate.swift in Sources */ = {isa = PBXBuildFile; fileRef = 13312B332CA5E39F009206A9 /* SceneDelegate.swift */; };
		13312B362CA5E39F009206A9 /* ViewController.swift in Sources */ = {isa = PBXBuildFile; fileRef = 13312B352CA5E39F009206A9 /* ViewController.swift */; };
		13312B392CA5E39F009206A9 /* Base in Resources */ = {isa = PBXBuildFile; fileRef = 13312B382CA5E39F009206A9 /* Base */; };
		13312B3B2CA5E3A3009206A9 /* Assets.xcassets in Resources */ = {isa = PBXBuildFile; fileRef = 13312B3A2CA5E3A3009206A9 /* Assets.xcassets */; };
		13312B3E2CA5E3A3009206A9 /* Base in Resources */ = {isa = PBXBuildFile; fileRef = 13312B3D2CA5E3A3009206A9 /* Base */; };
		13312B492CA5E3A4009206A9 /* I_Am_RichTests.swift in Sources */ = {isa = PBXBuildFile; fileRef = 13312B482CA5E3A4009206A9 /* I_Am_RichTests.swift */; };
		13312B532CA5E3A4009206A9 /* I_Am_RichUITests.swift in Sources */ = {isa = PBXBuildFile; fileRef = 13312B522CA5E3A4009206A9 /* I_Am_RichUITests.swift */; };
		13312B552CA5E3A4009206A9 /* I_Am_RichUITestsLaunchTests.swift in Sources */ = {isa = PBXBuildFile; fileRef = 13312B542CA5E3A4009206A9 /* I_Am_RichUITestsLaunchTests.swift */; };
/* End PBXBuildFile section */

/* Begin PBXContainerItemProxy section */
		13312B452CA5E3A4009206A9 /* PBXContainerItemProxy */ = {
			isa = PBXContainerItemProxy;
			containerPortal = 13312B262CA5E39F009206A9 /* Project object */;
			proxyType = 1;
			remoteGlobalIDString = 13312B2D2CA5E39F009206A9;
			remoteInfo = "I-Am-Rich";
		};
		13312B4F2CA5E3A4009206A9 /* PBXContainerItemProxy */ = {
			isa = PBXContainerItemProxy;
			containerPortal = 13312B262CA5E39F009206A9 /* Project object */;
			proxyType = 1;
			remoteGlobalIDString = 13312B2D2CA5E39F009206A9;
			remoteInfo = "I-Am-Rich";
		};
/* End PBXContainerItemProxy section */

/* Begin PBXFileReference section */
		13312B2E2CA5E39F009206A9 /* I-Am-Rich.app */ = {isa = PBXFileReference; explicitFileType = wrapper.application; includeInIndex = 0; path = "I-Am-Rich.app"; sourceTree = BUILT_PRODUCTS_DIR; };
		13312B312CA5E39F009206A9 /* AppDelegate.swift */ = {isa = PBXFileReference; lastKnownFileType = sourcecode.swift; path = AppDelegate.swift; sourceTree = "<group>"; };
		13312B332CA5E39F009206A9 /* SceneDelegate.swift */ = {isa = PBXFileReference; lastKnownFileType = sourcecode.swift; path = SceneDelegate.swift; sourceTree = "<group>"; };
		13312B352CA5E39F009206A9 /* ViewController.swift */ = {isa = PBXFileReference; lastKnownFileType = sourcecode.swift; path = ViewController.swift; sourceTree = "<group>"; };
		13312B382CA5E39F009206A9 /* Base */ = {isa = PBXFileReference; lastKnownFileType = file.storyboard; name = Base; path = Base.lproj/Main.storyboard; sourceTree = "<group>"; };
		13312B3A2CA5E3A3009206A9 /* Assets.xcassets */ = {isa = PBXFileReference; lastKnownFileType = folder.assetcatalog; path = Assets.xcassets; sourceTree = "<group>"; };
		13312B3D2CA5E3A3009206A9 /* Base */ = {isa = PBXFileReference; lastKnownFileType = file.storyboard; name = Base; path = Base.lproj/LaunchScreen.storyboard; sourceTree = "<group>"; };
		13312B3F2CA5E3A3009206A9 /* Info.plist */ = {isa = PBXFileReference; lastKnownFileType = text.plist.xml; path = Info.plist; sourceTree = "<group>"; };
		13312B442CA5E3A4009206A9 /* I-Am-RichTests.xctest */ = {isa = PBXFileReference; explicitFileType = wrapper.cfbundle; includeInIndex = 0; path = "I-Am-RichTests.xctest"; sourceTree = BUILT_PRODUCTS_DIR; };
		13312B482CA5E3A4009206A9 /* I_Am_RichTests.swift */ = {isa = PBXFileReference; lastKnownFileType = sourcecode.swift; path = I_Am_RichTests.swift; sourceTree = "<group>"; };
		13312B4E2CA5E3A4009206A9 /* I-Am-RichUITests.xctest */ = {isa = PBXFileReference; explicitFileType = wrapper.cfbundle; includeInIndex = 0; path = "I-Am-RichUITests.xctest"; sourceTree = BUILT_PRODUCTS_DIR; };
		13312B522CA5E3A4009206A9 /* I_Am_RichUITests.swift */ = {isa = PBXFileReference; lastKnownFileType = sourcecode.swift; path = I_Am_RichUITests.swift; sourceTree = "<group>"; };
		13312B542CA5E3A4009206A9 /* I_Am_RichUITestsLaunchTests.swift */ = {isa = PBXFileReference; lastKnownFileType = sourcecode.swift; path = I_Am_RichUITestsLaunchTests.swift; sourceTree = "<group>"; };
/* End PBXFileReference section */

/* Begin PBXFrameworksBuildPhase section */
		13312B2B2CA5E39F009206A9 /* Frameworks */ = {
			isa = PBXFrameworksBuildPhase;
			buildActionMask = 2147483647;
			files = (
			);
			runOnlyForDeploymentPostprocessing = 0;
		};
		13312B412CA5E3A4009206A9 /* Frameworks */ = {
			isa = PBXFrameworksBuildPhase;
			buildActionMask = 2147483647;
			files = (
			);
			runOnlyForDeploymentPostprocessing = 0;
		};
		13312B4B2CA5E3A4009206A9 /* Frameworks */ = {
			isa = PBXFrameworksBuildPhase;
			buildActionMask = 2147483647;
			files = (
			);
			runOnlyForDeploymentPostprocessing = 0;
		};
/* End PBXFrameworksBuildPhase section */

/* Begin PBXGroup section */
		13312B252CA5E39F009206A9 = {
			isa = PBXGroup;
			children = (
				13312B302CA5E39F009206A9 /* I-Am-Rich */,
				13312B472CA5E3A4009206A9 /* I-Am-RichTests */,
				13312B512CA5E3A4009206A9 /* I-Am-RichUITests */,
				13312B2F2CA5E39F009206A9 /* Products */,
			);
			sourceTree = "<group>";
		};
		13312B2F2CA5E39F009206A9 /* Products */ = {
			isa = PBXGroup;
			children = (
				13312B2E2CA5E39F009206A9 /* I-Am-Rich.app */,
				13312B442CA5E3A4009206A9 /* I-Am-RichTests.xctest */,
				13312B4E2CA5E3A4009206A9 /* I-Am-RichUITests.xctest */,
			);
			name = Products;
			sourceTree = "<group>";
		};
		13312B302CA5E39F009206A9 /* I-Am-Rich */ = {
			isa = PBXGroup;
			children = (
				13312B312CA5E39F009206A9 /* AppDelegate.swift */,
				13312B332CA5E39F009206A9 /* SceneDelegate.swift */,
				13312B352CA5E39F009206A9 /* ViewController.swift */,
				13312B372CA5E39F009206A9 /* Main.storyboard */,
				13312B3A2CA5E3A3009206A9 /* Assets.xcassets */,
				13312B3C2CA5E3A3009206A9 /* LaunchScreen.storyboard */,
				13312B3F2CA5E3A3009206A9 /* Info.plist */,
			);
			path = "I-Am-Rich";
			sourceTree = "<group>";
		};
		13312B472CA5E3A4009206A9 /* I-Am-RichTests */ = {
			isa = PBXGroup;
			children = (
				13312B482CA5E3A4009206A9 /* I_Am_RichTests.swift */,
			);
			path = "I-Am-RichTests";
			sourceTree = "<group>";
		};
		13312B512CA5E3A4009206A9 /* I-Am-RichUITests */ = {
			isa = PBXGroup;
			children = (
				13312B522CA5E3A4009206A9 /* I_Am_RichUITests.swift */,
				13312B542CA5E3A4009206A9 /* I_Am_RichUITestsLaunchTests.swift */,
			);
			path = "I-Am-RichUITests";
			sourceTree = "<group>";
		};
/* End PBXGroup section */

/* Begin PBXNativeTarget section */
		13312B2D2CA5E39F009206A9 /* I-Am-Rich */ = {
			isa = PBXNativeTarget;
			buildConfigurationList = 13312B582CA5E3A4009206A9 /* Build configuration list for PBXNativeTarget "I-Am-Rich" */;
			buildPhases = (
				13312B2A2CA5E39F009206A9 /* Sources */,
				13312B2B2CA5E39F009206A9 /* Frameworks */,
				13312B2C2CA5E39F009206A9 /* Resources */,
			);
			buildRules = (
			);
			dependencies = (
			);
			name = "I-Am-Rich";
			productName = "I-Am-Rich";
			productReference = 13312B2E2CA5E39F009206A9 /* I-Am-Rich.app */;
			productType = "com.apple.product-type.application";
		};
		13312B432CA5E3A4009206A9 /* I-Am-RichTests */ = {
			isa = PBXNativeTarget;
			buildConfigurationList = 13312B5B2CA5E3A4009206A9 /* Build configuration list for PBXNativeTarget "I-Am-RichTests" */;
			buildPhases = (
				13312B402CA5E3A4009206A9 /* Sources */,
				13312B412CA5E3A4009206A9 /* Frameworks */,
				13312B422CA5E3A4009206A9 /* Resources */,
			);
			buildRules = (
			);
			dependencies = (
				13312B462CA5E3A4009206A9 /* PBXTargetDependency */,
			);
			name = "I-Am-RichTests";
			productName = "I-Am-RichTests";
			productReference = 13312B442CA5E3A4009206A9 /* I-Am-RichTests.xctest */;
			productType = "com.apple.product-type.bundle.unit-test";
		};
		13312B4D2CA5E3A4009206A9 /* I-Am-RichUITests */ = {
			isa = PBXNativeTarget;
			buildConfigurationList = 13312B5E2CA5E3A4009206A9 /* Build configuration list for PBXNativeTarget "I-Am-RichUITests" */;
			buildPhases = (
				13312B4A2CA5E3A4009206A9 /* Sources */,
				13312B4B2CA5E3A4009206A9 /* Frameworks */,
				13312B4C2CA5E3A4009206A9 /* Resources */,
			);
			buildRules = (
			);
			dependencies = (
				13312B502CA5E3A4009206A9 /* PBXTargetDependency */,
			);
			name = "I-Am-RichUITests";
			productName = "I-Am-RichUITests";
			productReference = 13312B4E2CA5E3A4009206A9 /* I-Am-RichUITests.xctest */;
			productType = "com.apple.product-type.bundle.ui-testing";
		};
/* End PBXNativeTarget section */

/* Begin PBXProject section */
		13312B262CA5E39F009206A9 /* Project object */ = {
			isa = PBXProject;
			attributes = {
				BuildIndependentTargetsInParallel = 1;
				LastSwiftUpdateCheck = 1540;
				LastUpgradeCheck = 1540;
				TargetAttributes = {
					13312B2D2CA5E39F009206A9 = {
						CreatedOnToolsVersion = 15.4;
					};
					13312B432CA5E3A4009206A9 = {
						CreatedOnToolsVersion = 15.4;
						TestTargetID = 13312B2D2CA5E39F009206A9;
					};
					13312B4D2CA5E3A4009206A9 = {
						CreatedOnToolsVersion = 15.4;
						TestTargetID = 13312B2D2CA5E39F009206A9;
					};
				};
			};
			buildConfigurationList = 13312B292CA5E39F009206A9 /* Build configuration list for PBXProject "I-Am-Rich" */;
			compatibilityVersion = "Xcode 14.0";
			developmentRegion = en;
			hasScannedForEncodings = 0;
			knownRegions = (
				en,
				Base,
			);
			mainGroup = 13312B252CA5E39F009206A9;
			productRefGroup = 13312B2F2CA5E39F009206A9 /* Products */;
			projectDirPath = "";
			projectRoot = "";
			targets = (
				13312B2D2CA5E39F009206A9 /* I-Am-Rich */,
				13312B432CA5E3A4009206A9 /* I-Am-RichTests */,
				13312B4D2CA5E3A4009206A9 /* I-Am-RichUITests */,
			);
		};
/* End PBXProject section */

/* Begin PBXResourcesBuildPhase section */
		13312B2C2CA5E39F009206A9 /* Resources */ = {
			isa = PBXResourcesBuildPhase;
			buildActionMask = 2147483647;
			files = (
				13312B3B2CA5E3A3009206A9 /* Assets.xcassets in Resources */,
				13312B3E2CA5E3A3009206A9 /* Base in Resources */,
				13312B392CA5E39F009206A9 /* Base in Resources */,
			);
			runOnlyForDeploymentPostprocessing = 0;
		};
		13312B422CA5E3A4009206A9 /* Resources */ = {
			isa = PBXResourcesBuildPhase;
			buildActionMask = 2147483647;
			files = (
			);
			runOnlyForDeploymentPostprocessing = 0;
		};
		13312B4C2CA5E3A4009206A9 /* Resources */ = {
			isa = PBXResourcesBuildPhase;
			buildActionMask = 2147483647;
			files = (
			);
			runOnlyForDeploymentPostprocessing = 0;
		};
/* End PBXResourcesBuildPhase section */

/* Begin PBXSourcesBuildPhase section */
		13312B2A2CA5E39F009206A9 /* Sources */ = {
			isa = PBXSourcesBuildPhase;
			buildActionMask = 2147483647;
			files = (
				13312B362CA5E39F009206A9 /* ViewController.swift in Sources */,
				13312B322CA5E39F009206A9 /* AppDelegate.swift in Sources */,
				13312B342CA5E39F009206A9 /* SceneDelegate.swift in Sources */,
			);
			runOnlyForDeploymentPostprocessing = 0;
		};
		13312B402CA5E3A4009206A9 /* Sources */ = {
			isa = PBXSourcesBuildPhase;
			buildActionMask = 2147483647;
			files = (
				13312B492CA5E3A4009206A9 /* I_Am_RichTests.swift in Sources */,
			);
			runOnlyForDeploymentPostprocessing = 0;
		};
		13312B4A2CA5E3A4009206A9 /* Sources */ = {
			isa = PBXSourcesBuildPhase;
			buildActionMask = 2147483647;
			files = (
				13312B552CA5E3A4009206A9 /* I_Am_RichUITestsLaunchTests.swift in Sources */,
				13312B532CA5E3A4009206A9 /* I_Am_RichUITests.swift in Sources */,
			);
			runOnlyForDeploymentPostprocessing = 0;
		};
/* End PBXSourcesBuildPhase section */

/* Begin PBXTargetDependency section */
		13312B462CA5E3A4009206A9 /* PBXTargetDependency */ = {
			isa = PBXTargetDependency;
			target = 13312B2D2CA5E39F009206A9 /* I-Am-Rich */;
			targetProxy = 13312B452CA5E3A4009206A9 /* PBXContainerItemProxy */;
		};
		13312B502CA5E3A4009206A9 /* PBXTargetDependency */ = {
			isa = PBXTargetDependency;
			target = 13312B2D2CA5E39F009206A9 /* I-Am-Rich */;
			targetProxy = 13312B4F2CA5E3A4009206A9 /* PBXContainerItemProxy */;
		};
/* End PBXTargetDependency section */

/* Begin PBXVariantGroup section */
		13312B372CA5E39F009206A9 /* Main.storyboard */ = {
			isa = PBXVariantGroup;
			children = (
				13312B382CA5E39F009206A9 /* Base */,
			);
			name = Main.storyboard;
			sourceTree = "<group>";
		};
		13312B3C2CA5E3A3009206A9 /* LaunchScreen.storyboard */ = {
			isa = PBXVariantGroup;
			children = (
				13312B3D2CA5E3A3009206A9 /* Base */,
			);
			name = LaunchScreen.storyboard;
			sourceTree = "<group>";
		};
/* End PBXVariantGroup section */

/* Begin XCBuildConfiguration section */
		13312B562CA5E3A4009206A9 /* Debug */ = {
			isa = XCBuildConfiguration;
			buildSettings = {
				ALWAYS_SEARCH_USER_PATHS = NO;
				ASSETCATALOG_COMPILER_GENERATE_SWIFT_ASSET_SYMBOL_EXTENSIONS = YES;
				CLANG_ANALYZER_NONNULL = YES;
				CLANG_ANALYZER_NUMBER_OBJECT_CONVERSION = YES_AGGRESSIVE;
				CLANG_CXX_LANGUAGE_STANDARD = "gnu++20";
				CLANG_ENABLE_MODULES = YES;
				CLANG_ENABLE_OBJC_ARC = YES;
				CLANG_ENABLE_OBJC_WEAK = YES;
				CLANG_WARN_BLOCK_CAPTURE_AUTORELEASING = YES;
				CLANG_WARN_BOOL_CONVERSION = YES;
				CLANG_WARN_COMMA = YES;
				CLANG_WARN_CONSTANT_CONVERSION = YES;
				CLANG_WARN_DEPRECATED_OBJC_IMPLEMENTATIONS = YES;
				CLANG_WARN_DIRECT_OBJC_ISA_USAGE = YES_ERROR;
				CLANG_WARN_DOCUMENTATION_COMMENTS = YES;
				CLANG_WARN_EMPTY_BODY = YES;
				CLANG_WARN_ENUM_CONVERSION = YES;
				CLANG_WARN_INFINITE_RECURSION = YES;
				CLANG_WARN_INT_CONVERSION = YES;
				CLANG_WARN_NON_LITERAL_NULL_CONVERSION = YES;
				CLANG_WARN_OBJC_IMPLICIT_RETAIN_SELF = YES;
				CLANG_WARN_OBJC_LITERAL_CONVERSION = YES;
				CLANG_WARN_OBJC_ROOT_CLASS = YES_ERROR;
				CLANG_WARN_QUOTED_INCLUDE_IN_FRAMEWORK_HEADER = YES;
				CLANG_WARN_RANGE_LOOP_ANALYSIS = YES;
				CLANG_WARN_STRICT_PROTOTYPES = YES;
				CLANG_WARN_SUSPICIOUS_MOVE = YES;
				CLANG_WARN_UNGUARDED_AVAILABILITY = YES_AGGRESSIVE;
				CLANG_WARN_UNREACHABLE_CODE = YES;
				CLANG_WARN__DUPLICATE_METHOD_MATCH = YES;
				COPY_PHASE_STRIP = NO;
				DEBUG_INFORMATION_FORMAT = dwarf;
				ENABLE_STRICT_OBJC_MSGSEND = YES;
				ENABLE_TESTABILITY = YES;
				ENABLE_USER_SCRIPT_SANDBOXING = YES;
				GCC_C_LANGUAGE_STANDARD = gnu17;
				GCC_DYNAMIC_NO_PIC = NO;
				GCC_NO_COMMON_BLOCKS = YES;
				GCC_OPTIMIZATION_LEVEL = 0;
				GCC_PREPROCESSOR_DEFINITIONS = (
					"DEBUG=1",
					"$(inherited)",
				);
				GCC_WARN_64_TO_32_BIT_CONVERSION = YES;
				GCC_WARN_ABOUT_RETURN_TYPE = YES_ERROR;
				GCC_WARN_UNDECLARED_SELECTOR = YES;
				GCC_WARN_UNINITIALIZED_AUTOS = YES_AGGRESSIVE;
				GCC_WARN_UNUSED_FUNCTION = YES;
				GCC_WARN_UNUSED_VARIABLE = YES;
				IPHONEOS_DEPLOYMENT_TARGET = 17.5;
				LOCALIZATION_PREFERS_STRING_CATALOGS = YES;
				MTL_ENABLE_DEBUG_INFO = INCLUDE_SOURCE;
				MTL_FAST_MATH = YES;
				ONLY_ACTIVE_ARCH = YES;
				SDKROOT = iphoneos;
				SWIFT_ACTIVE_COMPILATION_CONDITIONS = "DEBUG $(inherited)";
				SWIFT_OPTIMIZATION_LEVEL = "-Onone";
			};
			name = Debug;
		};
		13312B572CA5E3A4009206A9 /* Release */ = {
			isa = XCBuildConfiguration;
			buildSettings = {
				ALWAYS_SEARCH_USER_PATHS = NO;
				ASSETCATALOG_COMPILER_GENERATE_SWIFT_ASSET_SYMBOL_EXTENSIONS = YES;
				CLANG_ANALYZER_NONNULL = YES;
				CLANG_ANALYZER_NUMBER_OBJECT_CONVERSION = YES_AGGRESSIVE;
				CLANG_CXX_LANGUAGE_STANDARD = "gnu++20";
				CLANG_ENABLE_MODULES = YES;
				CLANG_ENABLE_OBJC_ARC = YES;
				CLANG_ENABLE_OBJC_WEAK = YES;
				CLANG_WARN_BLOCK_CAPTURE_AUTORELEASING = YES;
				CLANG_WARN_BOOL_CONVERSION = YES;
				CLANG_WARN_COMMA = YES;
				CLANG_WARN_CONSTANT_CONVERSION = YES;
				CLANG_WARN_DEPRECATED_OBJC_IMPLEMENTATIONS = YES;
				CLANG_WARN_DIRECT_OBJC_ISA_USAGE = YES_ERROR;
				CLANG_WARN_DOCUMENTATION_COMMENTS = YES;
				CLANG_WARN_EMPTY_BODY = YES;
				CLANG_WARN_ENUM_CONVERSION = YES;
				CLANG_WARN_INFINITE_RECURSION = YES;
				CLANG_WARN_INT_CONVERSION = YES;
				CLANG_WARN_NON_LITERAL_NULL_CONVERSION = YES;
				CLANG_WARN_OBJC_IMPLICIT_RETAIN_SELF = YES;
				CLANG_WARN_OBJC_LITERAL_CONVERSION = YES;
				CLANG_WARN_OBJC_ROOT_CLASS = YES_ERROR;
				CLANG_WARN_QUOTED_INCLUDE_IN_FRAMEWORK_HEADER = YES;
				CLANG_WARN_RANGE_LOOP_ANALYSIS = YES;
				CLANG_WARN_STRICT_PROTOTYPES = YES;
				CLANG_WARN_SUSPICIOUS_MOVE = YES;
				CLANG_WARN_UNGUARDED_AVAILABILITY = YES_AGGRESSIVE;
				CLANG_WARN_UNREACHABLE_CODE = YES;
				CLANG_WARN__DUPLICATE_METHOD_MATCH = YES;
				COPY_PHASE_STRIP = NO;
				DEBUG_INFORMATION_FORMAT = "dwarf-with-dsym";
				ENABLE_NS_ASSERTIONS = NO;
				ENABLE_STRICT_OBJC_MSGSEND = YES;
				ENABLE_USER_SCRIPT_SANDBOXING = YES;
				GCC_C_LANGUAGE_STANDARD = gnu17;
				GCC_NO_COMMON_BLOCKS = YES;
				GCC_WARN_64_TO_32_BIT_CONVERSION = YES;
				GCC_WARN_ABOUT_RETURN_TYPE = YES_ERROR;
				GCC_WARN_UNDECLARED_SELECTOR = YES;
				GCC_WARN_UNINITIALIZED_AUTOS = YES_AGGRESSIVE;
				GCC_WARN_UNUSED_FUNCTION = YES;
				GCC_WARN_UNUSED_VARIABLE = YES;
				IPHONEOS_DEPLOYMENT_TARGET = 17.5;
				LOCALIZATION_PREFERS_STRING_CATALOGS = YES;
				MTL_ENABLE_DEBUG_INFO = NO;
				MTL_FAST_MATH = YES;
				SDKROOT = iphoneos;
				SWIFT_COMPILATION_MODE = wholemodule;
				VALIDATE_PRODUCT = YES;
			};
			name = Release;
		};
		13312B592CA5E3A4009206A9 /* Debug */ = {
			isa = XCBuildConfiguration;
			buildSettings = {
				ASSETCATALOG_COMPILER_APPICON_NAME = AppIcon;
				ASSETCATALOG_COMPILER_GLOBAL_ACCENT_COLOR_NAME = AccentColor;
				CODE_SIGN_STYLE = Automatic;
				CURRENT_PROJECT_VERSION = 1;
				GENERATE_INFOPLIST_FILE = YES;
				INFOPLIST_FILE = "I-Am-Rich/Info.plist";
				INFOPLIST_KEY_UIApplicationSupportsIndirectInputEvents = YES;
				INFOPLIST_KEY_UILaunchStoryboardName = LaunchScreen;
				INFOPLIST_KEY_UIMainStoryboardFile = Main;
				INFOPLIST_KEY_UISupportedInterfaceOrientations_iPad = "UIInterfaceOrientationPortrait UIInterfaceOrientationPortraitUpsideDown UIInterfaceOrientationLandscapeLeft UIInterfaceOrientationLandscapeRight";
				INFOPLIST_KEY_UISupportedInterfaceOrientations_iPhone = "UIInterfaceOrientationPortrait UIInterfaceOrientationLandscapeLeft UIInterfaceOrientationLandscapeRight";
				LD_RUNPATH_SEARCH_PATHS = (
					"$(inherited)",
					"@executable_path/Frameworks",
				);
				MARKETING_VERSION = 1.0;
				PRODUCT_BUNDLE_IDENTIFIER = "None.I-Am-Rich";
				PRODUCT_NAME = "$(TARGET_NAME)";
				SWIFT_EMIT_LOC_STRINGS = YES;
				SWIFT_VERSION = 5.0;
				TARGETED_DEVICE_FAMILY = "1,2";
			};
			name = Debug;
		};
		13312B5A2CA5E3A4009206A9 /* Release */ = {
			isa = XCBuildConfiguration;
			buildSettings = {
				ASSETCATALOG_COMPILER_APPICON_NAME = AppIcon;
				ASSETCATALOG_COMPILER_GLOBAL_ACCENT_COLOR_NAME = AccentColor;
				CODE_SIGN_STYLE = Automatic;
				CURRENT_PROJECT_VERSION = 1;
				GENERATE_INFOPLIST_FILE = YES;
				INFOPLIST_FILE = "I-Am-Rich/Info.plist";
				INFOPLIST_KEY_UIApplicationSupportsIndirectInputEvents = YES;
				INFOPLIST_KEY_UILaunchStoryboardName = LaunchScreen;
				INFOPLIST_KEY_UIMainStoryboardFile = Main;
				INFOPLIST_KEY_UISupportedInterfaceOrientations_iPad = "UIInterfaceOrientationPortrait UIInterfaceOrientationPortraitUpsideDown UIInterfaceOrientationLandscapeLeft UIInterfaceOrientationLandscapeRight";
				INFOPLIST_KEY_UISupportedInterfaceOrientations_iPhone = "UIInterfaceOrientationPortrait UIInterfaceOrientationLandscapeLeft UIInterfaceOrientationLandscapeRight";
				LD_RUNPATH_SEARCH_PATHS = (
					"$(inherited)",
					"@executable_path/Frameworks",
				);
				MARKETING_VERSION = 1.0;
				PRODUCT_BUNDLE_IDENTIFIER = "None.I-Am-Rich";
				PRODUCT_NAME = "$(TARGET_NAME)";
				SWIFT_EMIT_LOC_STRINGS = YES;
				SWIFT_VERSION = 5.0;
				TARGETED_DEVICE_FAMILY = "1,2";
			};
			name = Release;
		};
		13312B5C2CA5E3A4009206A9 /* Debug */ = {
			isa = XCBuildConfiguration;
			buildSettings = {
				ALWAYS_EMBED_SWIFT_STANDARD_LIBRARIES = YES;
				BUNDLE_LOADER = "$(TEST_HOST)";
				CODE_SIGN_STYLE = Automatic;
				CURRENT_PROJECT_VERSION = 1;
				GENERATE_INFOPLIST_FILE = YES;
				IPHONEOS_DEPLOYMENT_TARGET = 17.5;
				MARKETING_VERSION = 1.0;
				PRODUCT_BUNDLE_IDENTIFIER = "None.I-Am-RichTests";
				PRODUCT_NAME = "$(TARGET_NAME)";
				SWIFT_EMIT_LOC_STRINGS = NO;
				SWIFT_VERSION = 5.0;
				TARGETED_DEVICE_FAMILY = "1,2";
				TEST_HOST = "$(BUILT_PRODUCTS_DIR)/I-Am-Rich.app/$(BUNDLE_EXECUTABLE_FOLDER_PATH)/I-Am-Rich";
			};
			name = Debug;
		};
		13312B5D2CA5E3A4009206A9 /* Release */ = {
			isa = XCBuildConfiguration;
			buildSettings = {
				ALWAYS_EMBED_SWIFT_STANDARD_LIBRARIES = YES;
				BUNDLE_LOADER = "$(TEST_HOST)";
				CODE_SIGN_STYLE = Automatic;
				CURRENT_PROJECT_VERSION = 1;
				GENERATE_INFOPLIST_FILE = YES;
				IPHONEOS_DEPLOYMENT_TARGET = 17.5;
				MARKETING_VERSION = 1.0;
				PRODUCT_BUNDLE_IDENTIFIER = "None.I-Am-RichTests";
				PRODUCT_NAME = "$(TARGET_NAME)";
				SWIFT_EMIT_LOC_STRINGS = NO;
				SWIFT_VERSION = 5.0;
				TARGETED_DEVICE_FAMILY = "1,2";
				TEST_HOST = "$(BUILT_PRODUCTS_DIR)/I-Am-Rich.app/$(BUNDLE_EXECUTABLE_FOLDER_PATH)/I-Am-Rich";
			};
			name = Release;
		};
		13312B5F2CA5E3A4009206A9 /* Debug */ = {
			isa = XCBuildConfiguration;
			buildSettings = {
				ALWAYS_EMBED_SWIFT_STANDARD_LIBRARIES = YES;
				CODE_SIGN_STYLE = Automatic;
				CURRENT_PROJECT_VERSION = 1;
				GENERATE_INFOPLIST_FILE = YES;
				MARKETING_VERSION = 1.0;
				PRODUCT_BUNDLE_IDENTIFIER = "None.I-Am-RichUITests";
				PRODUCT_NAME = "$(TARGET_NAME)";
				SWIFT_EMIT_LOC_STRINGS = NO;
				SWIFT_VERSION = 5.0;
				TARGETED_DEVICE_FAMILY = "1,2";
				TEST_TARGET_NAME = "I-Am-Rich";
			};
			name = Debug;
		};
		13312B602CA5E3A4009206A9 /* Release */ = {
			isa = XCBuildConfiguration;
			buildSettings = {
				ALWAYS_EMBED_SWIFT_STANDARD_LIBRARIES = YES;
				CODE_SIGN_STYLE = Automatic;
				CURRENT_PROJECT_VERSION = 1;
				GENERATE_INFOPLIST_FILE = YES;
				MARKETING_VERSION = 1.0;
				PRODUCT_BUNDLE_IDENTIFIER = "None.I-Am-RichUITests";
				PRODUCT_NAME = "$(TARGET_NAME)";
				SWIFT_EMIT_LOC_STRINGS = NO;
				SWIFT_VERSION = 5.0;
				TARGETED_DEVICE_FAMILY = "1,2";
				TEST_TARGET_NAME = "I-Am-Rich";
			};
			name = Release;
		};
/* End XCBuildConfiguration section */

/* Begin XCConfigurationList section */
		13312B292CA5E39F009206A9 /* Build configuration list for PBXProject "I-Am-Rich" */ = {
			isa = XCConfigurationList;
			buildConfigurations = (
				13312B562CA5E3A4009206A9 /* Debug */,
				13312B572CA5E3A4009206A9 /* Release */,
			);
			defaultConfigurationIsVisible = 0;
			defaultConfigurationName = Release;
		};
		13312B582CA5E3A4009206A9 /* Build configuration list for PBXNativeTarget "I-Am-Rich" */ = {
			isa = XCConfigurationList;
			buildConfigurations = (
				13312B592CA5E3A4009206A9 /* Debug */,
				13312B5A2CA5E3A4009206A9 /* Release */,
			);
			defaultConfigurationIsVisible = 0;
			defaultConfigurationName = Release;
		};
		13312B5B2CA5E3A4009206A9 /* Build configuration list for PBXNativeTarget "I-Am-RichTests" */ = {
			isa = XCConfigurationList;
			buildConfigurations = (
				13312B5C2CA5E3A4009206A9 /* Debug */,
				13312B5D2CA5E3A4009206A9 /* Release */,
			);
			defaultConfigurationIsVisible = 0;
			defaultConfigurationName = Release;
		};
		13312B5E2CA5E3A4009206A9 /* Build configuration list for PBXNativeTarget "I-Am-RichUITests" */ = {
			isa = XCConfigurationList;
			buildConfigurations = (
				13312B5F2CA5E3A4009206A9 /* Debug */,
				13312B602CA5E3A4009206A9 /* Release */,
			);
			defaultConfigurationIsVisible = 0;
			defaultConfigurationName = Release;
		};
/* End XCConfigurationList section */
	};
	rootObject = 13312B262CA5E39F009206A9 /* Project object */;
}
