// !$*UTF8*$!
{
	archiveVersion = 1;
	classes = {
	};
	objectVersion = 77;
	objects = {

/* Begin PBXBuildFile section */
		D816DE902CF907F400AD84AC /* Kingfisher in Frameworks */ = {isa = PBXBuildFile; productRef = D816DE8F2CF907F400AD84AC /* Kingfisher */; };
		D816DE922CF907FA00AD84AC /* Alamofire in Frameworks */ = {isa = PBXBuildFile; productRef = D816DE912CF907FA00AD84AC /* Alamofire */; };
/* End PBXBuildFile section */

/* Begin PBXContainerItemProxy section */
		D816DE2D2CF8CBE600AD84AC /* PBXContainerItemProxy */ = {
			isa = PBXContainerItemProxy;
			containerPortal = D816DE0E2CF8CBE500AD84AC /* Project object */;
			proxyType = 1;
			remoteGlobalIDString = D816DE152CF8CBE500AD84AC;
			remoteInfo = HeroRandomizer;
		};
		D816DE372CF8CBE600AD84AC /* PBXContainerItemProxy */ = {
			isa = PBXContainerItemProxy;
			containerPortal = D816DE0E2CF8CBE500AD84AC /* Project object */;
			proxyType = 1;
			remoteGlobalIDString = D816DE152CF8CBE500AD84AC;
			remoteInfo = HeroRandomizer;
		};
/* End PBXContainerItemProxy section */

/* Begin PBXFileReference section */
		D816DE162CF8CBE500AD84AC /* HeroRandomizer.app */ = {isa = PBXFileReference; explicitFileType = wrapper.application; includeInIndex = 0; path = HeroRandomizer.app; sourceTree = BUILT_PRODUCTS_DIR; };
		D816DE2C2CF8CBE600AD84AC /* HeroRandomizerTests.xctest */ = {isa = PBXFileReference; explicitFileType = wrapper.cfbundle; includeInIndex = 0; path = HeroRandomizerTests.xctest; sourceTree = BUILT_PRODUCTS_DIR; };
		D816DE362CF8CBE600AD84AC /* HeroRandomizerUITests.xctest */ = {isa = PBXFileReference; explicitFileType = wrapper.cfbundle; includeInIndex = 0; path = HeroRandomizerUITests.xctest; sourceTree = BUILT_PRODUCTS_DIR; };
/* End PBXFileReference section */

/* Begin PBXFileSystemSynchronizedBuildFileExceptionSet section */
		D816DE3E2CF8CBE600AD84AC /* Exceptions for "HeroRandomizer" folder in "HeroRandomizer" target */ = {
			isa = PBXFileSystemSynchronizedBuildFileExceptionSet;
			membershipExceptions = (
				Info.plist,
			);
			target = D816DE152CF8CBE500AD84AC /* HeroRandomizer */;
		};
/* End PBXFileSystemSynchronizedBuildFileExceptionSet section */

/* Begin PBXFileSystemSynchronizedRootGroup section */
		D816DE182CF8CBE500AD84AC /* HeroRandomizer */ = {
			isa = PBXFileSystemSynchronizedRootGroup;
			exceptions = (
				D816DE3E2CF8CBE600AD84AC /* Exceptions for "HeroRandomizer" folder in "HeroRandomizer" target */,
			);
			path = HeroRandomizer;
			sourceTree = "<group>";
		};
		D816DE2F2CF8CBE600AD84AC /* HeroRandomizerTests */ = {
			isa = PBXFileSystemSynchronizedRootGroup;
			path = HeroRandomizerTests;
			sourceTree = "<group>";
		};
		D816DE392CF8CBE600AD84AC /* HeroRandomizerUITests */ = {
			isa = PBXFileSystemSynchronizedRootGroup;
			path = HeroRandomizerUITests;
			sourceTree = "<group>";
		};
/* End PBXFileSystemSynchronizedRootGroup section */

/* Begin PBXFrameworksBuildPhase section */
		D816DE132CF8CBE500AD84AC /* Frameworks */ = {
			isa = PBXFrameworksBuildPhase;
			buildActionMask = 2147483647;
			files = (
				D816DE902CF907F400AD84AC /* Kingfisher in Frameworks */,
				D816DE922CF907FA00AD84AC /* Alamofire in Frameworks */,
			);
			runOnlyForDeploymentPostprocessing = 0;
		};
		D816DE292CF8CBE600AD84AC /* Frameworks */ = {
			isa = PBXFrameworksBuildPhase;
			buildActionMask = 2147483647;
			files = (
			);
			runOnlyForDeploymentPostprocessing = 0;
		};
		D816DE332CF8CBE600AD84AC /* Frameworks */ = {
			isa = PBXFrameworksBuildPhase;
			buildActionMask = 2147483647;
			files = (
			);
			runOnlyForDeploymentPostprocessing = 0;
		};
/* End PBXFrameworksBuildPhase section */

/* Begin PBXGroup section */
		D816DE0D2CF8CBE500AD84AC = {
			isa = PBXGroup;
			children = (
				D816DE182CF8CBE500AD84AC /* HeroRandomizer */,
				D816DE2F2CF8CBE600AD84AC /* HeroRandomizerTests */,
				D816DE392CF8CBE600AD84AC /* HeroRandomizerUITests */,
				D816DE8E2CF907F400AD84AC /* Frameworks */,
				D816DE172CF8CBE500AD84AC /* Products */,
			);
			sourceTree = "<group>";
		};
		D816DE172CF8CBE500AD84AC /* Products */ = {
			isa = PBXGroup;
			children = (
				D816DE162CF8CBE500AD84AC /* HeroRandomizer.app */,
				D816DE2C2CF8CBE600AD84AC /* HeroRandomizerTests.xctest */,
				D816DE362CF8CBE600AD84AC /* HeroRandomizerUITests.xctest */,
			);
			name = Products;
			sourceTree = "<group>";
		};
		D816DE8E2CF907F400AD84AC /* Frameworks */ = {
			isa = PBXGroup;
			children = (
			);
			name = Frameworks;
			sourceTree = "<group>";
		};
/* End PBXGroup section */

/* Begin PBXNativeTarget section */
		D816DE152CF8CBE500AD84AC /* HeroRandomizer */ = {
			isa = PBXNativeTarget;
			buildConfigurationList = D816DE3F2CF8CBE600AD84AC /* Build configuration list for PBXNativeTarget "HeroRandomizer" */;
			buildPhases = (
				D816DE122CF8CBE500AD84AC /* Sources */,
				D816DE132CF8CBE500AD84AC /* Frameworks */,
				D816DE142CF8CBE500AD84AC /* Resources */,
			);
			buildRules = (
			);
			dependencies = (
			);
			fileSystemSynchronizedGroups = (
				D816DE182CF8CBE500AD84AC /* HeroRandomizer */,
			);
			name = HeroRandomizer;
			packageProductDependencies = (
				D816DE8F2CF907F400AD84AC /* Kingfisher */,
				D816DE912CF907FA00AD84AC /* Alamofire */,
			);
			productName = HeroRandomizer;
			productReference = D816DE162CF8CBE500AD84AC /* HeroRandomizer.app */;
			productType = "com.apple.product-type.application";
		};
		D816DE2B2CF8CBE600AD84AC /* HeroRandomizerTests */ = {
			isa = PBXNativeTarget;
			buildConfigurationList = D816DE442CF8CBE600AD84AC /* Build configuration list for PBXNativeTarget "HeroRandomizerTests" */;
			buildPhases = (
				D816DE282CF8CBE600AD84AC /* Sources */,
				D816DE292CF8CBE600AD84AC /* Frameworks */,
				D816DE2A2CF8CBE600AD84AC /* Resources */,
			);
			buildRules = (
			);
			dependencies = (
				D816DE2E2CF8CBE600AD84AC /* PBXTargetDependency */,
			);
			fileSystemSynchronizedGroups = (
				D816DE2F2CF8CBE600AD84AC /* HeroRandomizerTests */,
			);
			name = HeroRandomizerTests;
			packageProductDependencies = (
			);
			productName = HeroRandomizerTests;
			productReference = D816DE2C2CF8CBE600AD84AC /* HeroRandomizerTests.xctest */;
			productType = "com.apple.product-type.bundle.unit-test";
		};
		D816DE352CF8CBE600AD84AC /* HeroRandomizerUITests */ = {
			isa = PBXNativeTarget;
			buildConfigurationList = D816DE472CF8CBE600AD84AC /* Build configuration list for PBXNativeTarget "HeroRandomizerUITests" */;
			buildPhases = (
				D816DE322CF8CBE600AD84AC /* Sources */,
				D816DE332CF8CBE600AD84AC /* Frameworks */,
				D816DE342CF8CBE600AD84AC /* Resources */,
			);
			buildRules = (
			);
			dependencies = (
				D816DE382CF8CBE600AD84AC /* PBXTargetDependency */,
			);
			fileSystemSynchronizedGroups = (
				D816DE392CF8CBE600AD84AC /* HeroRandomizerUITests */,
			);
			name = HeroRandomizerUITests;
			packageProductDependencies = (
			);
			productName = HeroRandomizerUITests;
			productReference = D816DE362CF8CBE600AD84AC /* HeroRandomizerUITests.xctest */;
			productType = "com.apple.product-type.bundle.ui-testing";
		};
/* End PBXNativeTarget section */

/* Begin PBXProject section */
		D816DE0E2CF8CBE500AD84AC /* Project object */ = {
			isa = PBXProject;
			attributes = {
				BuildIndependentTargetsInParallel = 1;
				LastSwiftUpdateCheck = 1610;
				LastUpgradeCheck = 1610;
				TargetAttributes = {
					D816DE152CF8CBE500AD84AC = {
						CreatedOnToolsVersion = 16.1;
					};
					D816DE2B2CF8CBE600AD84AC = {
						CreatedOnToolsVersion = 16.1;
						TestTargetID = D816DE152CF8CBE500AD84AC;
					};
					D816DE352CF8CBE600AD84AC = {
						CreatedOnToolsVersion = 16.1;
						TestTargetID = D816DE152CF8CBE500AD84AC;
					};
				};
			};
			buildConfigurationList = D816DE112CF8CBE500AD84AC /* Build configuration list for PBXProject "HeroRandomizer" */;
			developmentRegion = en;
			hasScannedForEncodings = 0;
			knownRegions = (
				en,
				Base,
			);
			mainGroup = D816DE0D2CF8CBE500AD84AC;
			minimizedProjectReferenceProxies = 1;
			packageReferences = (
				D816DE762CF9008D00AD84AC /* XCRemoteSwiftPackageReference "Kingfisher" */,
				D816DE8D2CF9072600AD84AC /* XCRemoteSwiftPackageReference "Alamofire" */,
			);
			preferredProjectObjectVersion = 77;
			productRefGroup = D816DE172CF8CBE500AD84AC /* Products */;
			projectDirPath = "";
			projectRoot = "";
			targets = (
				D816DE152CF8CBE500AD84AC /* HeroRandomizer */,
				D816DE2B2CF8CBE600AD84AC /* HeroRandomizerTests */,
				D816DE352CF8CBE600AD84AC /* HeroRandomizerUITests */,
			);
		};
/* End PBXProject section */

/* Begin PBXResourcesBuildPhase section */
		D816DE142CF8CBE500AD84AC /* Resources */ = {
			isa = PBXResourcesBuildPhase;
			buildActionMask = 2147483647;
			files = (
			);
			runOnlyForDeploymentPostprocessing = 0;
		};
		D816DE2A2CF8CBE600AD84AC /* Resources */ = {
			isa = PBXResourcesBuildPhase;
			buildActionMask = 2147483647;
			files = (
			);
			runOnlyForDeploymentPostprocessing = 0;
		};
		D816DE342CF8CBE600AD84AC /* Resources */ = {
			isa = PBXResourcesBuildPhase;
			buildActionMask = 2147483647;
			files = (
			);
			runOnlyForDeploymentPostprocessing = 0;
		};
/* End PBXResourcesBuildPhase section */

/* Begin PBXSourcesBuildPhase section */
		D816DE122CF8CBE500AD84AC /* Sources */ = {
			isa = PBXSourcesBuildPhase;
			buildActionMask = 2147483647;
			files = (
			);
			runOnlyForDeploymentPostprocessing = 0;
		};
		D816DE282CF8CBE600AD84AC /* Sources */ = {
			isa = PBXSourcesBuildPhase;
			buildActionMask = 2147483647;
			files = (
			);
			runOnlyForDeploymentPostprocessing = 0;
		};
		D816DE322CF8CBE600AD84AC /* Sources */ = {
			isa = PBXSourcesBuildPhase;
			buildActionMask = 2147483647;
			files = (
			);
			runOnlyForDeploymentPostprocessing = 0;
		};
/* End PBXSourcesBuildPhase section */

/* Begin PBXTargetDependency section */
		D816DE2E2CF8CBE600AD84AC /* PBXTargetDependency */ = {
			isa = PBXTargetDependency;
			target = D816DE152CF8CBE500AD84AC /* HeroRandomizer */;
			targetProxy = D816DE2D2CF8CBE600AD84AC /* PBXContainerItemProxy */;
		};
		D816DE382CF8CBE600AD84AC /* PBXTargetDependency */ = {
			isa = PBXTargetDependency;
			target = D816DE152CF8CBE500AD84AC /* HeroRandomizer */;
			targetProxy = D816DE372CF8CBE600AD84AC /* PBXContainerItemProxy */;
		};
/* End PBXTargetDependency section */

/* Begin XCBuildConfiguration section */
		D816DE402CF8CBE600AD84AC /* Debug */ = {
			isa = XCBuildConfiguration;
			buildSettings = {
				ASSETCATALOG_COMPILER_APPICON_NAME = AppIcon;
				ASSETCATALOG_COMPILER_GLOBAL_ACCENT_COLOR_NAME = AccentColor;
				CODE_SIGN_STYLE = Automatic;
				CURRENT_PROJECT_VERSION = 1;
				DEVELOPMENT_TEAM = 359X75B9C6;
				GENERATE_INFOPLIST_FILE = YES;
				INFOPLIST_FILE = HeroRandomizer/Info.plist;
				INFOPLIST_KEY_UIApplicationSupportsIndirectInputEvents = YES;
				INFOPLIST_KEY_UILaunchStoryboardName = LaunchScreen;
				INFOPLIST_KEY_UIMainStoryboardFile = Main;
				INFOPLIST_KEY_UISupportedInterfaceOrientations_iPad = "UIInterfaceOrientationPortrait UIInterfaceOrientationPortraitUpsideDown UIInterfaceOrientationLandscapeLeft UIInterfaceOrientationLandscapeRight";
				INFOPLIST_KEY_UISupportedInterfaceOrientations_iPhone = "UIInterfaceOrientationPortrait UIInterfaceOrientationLandscapeLeft UIInterfaceOrientationLandscapeRight";
				LD_RUNPATH_SEARCH_PATHS = (
					"$(inherited)",
					"@executable_path/Frameworks",
				);
				MARKETING_VERSION = 1.0;
				PRODUCT_BUNDLE_IDENTIFIER = none.HeroRandomizer;
				PRODUCT_NAME = "$(TARGET_NAME)";
				SWIFT_EMIT_LOC_STRINGS = YES;
				SWIFT_VERSION = 5.0;
				TARGETED_DEVICE_FAMILY = "1,2";
			};
			name = Debug;
		};
		D816DE412CF8CBE600AD84AC /* Release */ = {
			isa = XCBuildConfiguration;
			buildSettings = {
				ASSETCATALOG_COMPILER_APPICON_NAME = AppIcon;
				ASSETCATALOG_COMPILER_GLOBAL_ACCENT_COLOR_NAME = AccentColor;
				CODE_SIGN_STYLE = Automatic;
				CURRENT_PROJECT_VERSION = 1;
				DEVELOPMENT_TEAM = 359X75B9C6;
				GENERATE_INFOPLIST_FILE = YES;
				INFOPLIST_FILE = HeroRandomizer/Info.plist;
				INFOPLIST_KEY_UIApplicationSupportsIndirectInputEvents = YES;
				INFOPLIST_KEY_UILaunchStoryboardName = LaunchScreen;
				INFOPLIST_KEY_UIMainStoryboardFile = Main;
				INFOPLIST_KEY_UISupportedInterfaceOrientations_iPad = "UIInterfaceOrientationPortrait UIInterfaceOrientationPortraitUpsideDown UIInterfaceOrientationLandscapeLeft UIInterfaceOrientationLandscapeRight";
				INFOPLIST_KEY_UISupportedInterfaceOrientations_iPhone = "UIInterfaceOrientationPortrait UIInterfaceOrientationLandscapeLeft UIInterfaceOrientationLandscapeRight";
				LD_RUNPATH_SEARCH_PATHS = (
					"$(inherited)",
					"@executable_path/Frameworks",
				);
				MARKETING_VERSION = 1.0;
				PRODUCT_BUNDLE_IDENTIFIER = none.HeroRandomizer;
				PRODUCT_NAME = "$(TARGET_NAME)";
				SWIFT_EMIT_LOC_STRINGS = YES;
				SWIFT_VERSION = 5.0;
				TARGETED_DEVICE_FAMILY = "1,2";
			};
			name = Release;
		};
		D816DE422CF8CBE600AD84AC /* Debug */ = {
			isa = XCBuildConfiguration;
			buildSettings = {
				ALWAYS_SEARCH_USER_PATHS = NO;
				ASSETCATALOG_COMPILER_GENERATE_SWIFT_ASSET_SYMBOL_EXTENSIONS = YES;
				CLANG_ANALYZER_NONNULL = YES;
				CLANG_ANALYZER_NUMBER_OBJECT_CONVERSION = YES_AGGRESSIVE;
				CLANG_CXX_LANGUAGE_STANDARD = "gnu++20";
				CLANG_ENABLE_MODULES = YES;
				CLANG_ENABLE_OBJC_ARC = YES;
				CLANG_ENABLE_OBJC_WEAK = YES;
				CLANG_WARN_BLOCK_CAPTURE_AUTORELEASING = YES;
				CLANG_WARN_BOOL_CONVERSION = YES;
				CLANG_WARN_COMMA = YES;
				CLANG_WARN_CONSTANT_CONVERSION = YES;
				CLANG_WARN_DEPRECATED_OBJC_IMPLEMENTATIONS = YES;
				CLANG_WARN_DIRECT_OBJC_ISA_USAGE = YES_ERROR;
				CLANG_WARN_DOCUMENTATION_COMMENTS = YES;
				CLANG_WARN_EMPTY_BODY = YES;
				CLANG_WARN_ENUM_CONVERSION = YES;
				CLANG_WARN_INFINITE_RECURSION = YES;
				CLANG_WARN_INT_CONVERSION = YES;
				CLANG_WARN_NON_LITERAL_NULL_CONVERSION = YES;
				CLANG_WARN_OBJC_IMPLICIT_RETAIN_SELF = YES;
				CLANG_WARN_OBJC_LITERAL_CONVERSION = YES;
				CLANG_WARN_OBJC_ROOT_CLASS = YES_ERROR;
				CLANG_WARN_QUOTED_INCLUDE_IN_FRAMEWORK_HEADER = YES;
				CLANG_WARN_RANGE_LOOP_ANALYSIS = YES;
				CLANG_WARN_STRICT_PROTOTYPES = YES;
				CLANG_WARN_SUSPICIOUS_MOVE = YES;
				CLANG_WARN_UNGUARDED_AVAILABILITY = YES_AGGRESSIVE;
				CLANG_WARN_UNREACHABLE_CODE = YES;
				CLANG_WARN__DUPLICATE_METHOD_MATCH = YES;
				COPY_PHASE_STRIP = NO;
				DEBUG_INFORMATION_FORMAT = dwarf;
				ENABLE_STRICT_OBJC_MSGSEND = YES;
				ENABLE_TESTABILITY = YES;
				ENABLE_USER_SCRIPT_SANDBOXING = YES;
				GCC_C_LANGUAGE_STANDARD = gnu17;
				GCC_DYNAMIC_NO_PIC = NO;
				GCC_NO_COMMON_BLOCKS = YES;
				GCC_OPTIMIZATION_LEVEL = 0;
				GCC_PREPROCESSOR_DEFINITIONS = (
					"DEBUG=1",
					"$(inherited)",
				);
				GCC_WARN_64_TO_32_BIT_CONVERSION = YES;
				GCC_WARN_ABOUT_RETURN_TYPE = YES_ERROR;
				GCC_WARN_UNDECLARED_SELECTOR = YES;
				GCC_WARN_UNINITIALIZED_AUTOS = YES_AGGRESSIVE;
				GCC_WARN_UNUSED_FUNCTION = YES;
				GCC_WARN_UNUSED_VARIABLE = YES;
				IPHONEOS_DEPLOYMENT_TARGET = 18.1;
				LOCALIZATION_PREFERS_STRING_CATALOGS = YES;
				MTL_ENABLE_DEBUG_INFO = INCLUDE_SOURCE;
				MTL_FAST_MATH = YES;
				ONLY_ACTIVE_ARCH = YES;
				SDKROOT = iphoneos;
				SWIFT_ACTIVE_COMPILATION_CONDITIONS = "DEBUG $(inherited)";
				SWIFT_OPTIMIZATION_LEVEL = "-Onone";
			};
			name = Debug;
		};
		D816DE432CF8CBE600AD84AC /* Release */ = {
			isa = XCBuildConfiguration;
			buildSettings = {
				ALWAYS_SEARCH_USER_PATHS = NO;
				ASSETCATALOG_COMPILER_GENERATE_SWIFT_ASSET_SYMBOL_EXTENSIONS = YES;
				CLANG_ANALYZER_NONNULL = YES;
				CLANG_ANALYZER_NUMBER_OBJECT_CONVERSION = YES_AGGRESSIVE;
				CLANG_CXX_LANGUAGE_STANDARD = "gnu++20";
				CLANG_ENABLE_MODULES = YES;
				CLANG_ENABLE_OBJC_ARC = YES;
				CLANG_ENABLE_OBJC_WEAK = YES;
				CLANG_WARN_BLOCK_CAPTURE_AUTORELEASING = YES;
				CLANG_WARN_BOOL_CONVERSION = YES;
				CLANG_WARN_COMMA = YES;
				CLANG_WARN_CONSTANT_CONVERSION = YES;
				CLANG_WARN_DEPRECATED_OBJC_IMPLEMENTATIONS = YES;
				CLANG_WARN_DIRECT_OBJC_ISA_USAGE = YES_ERROR;
				CLANG_WARN_DOCUMENTATION_COMMENTS = YES;
				CLANG_WARN_EMPTY_BODY = YES;
				CLANG_WARN_ENUM_CONVERSION = YES;
				CLANG_WARN_INFINITE_RECURSION = YES;
				CLANG_WARN_INT_CONVERSION = YES;
				CLANG_WARN_NON_LITERAL_NULL_CONVERSION = YES;
				CLANG_WARN_OBJC_IMPLICIT_RETAIN_SELF = YES;
				CLANG_WARN_OBJC_LITERAL_CONVERSION = YES;
				CLANG_WARN_OBJC_ROOT_CLASS = YES_ERROR;
				CLANG_WARN_QUOTED_INCLUDE_IN_FRAMEWORK_HEADER = YES;
				CLANG_WARN_RANGE_LOOP_ANALYSIS = YES;
				CLANG_WARN_STRICT_PROTOTYPES = YES;
				CLANG_WARN_SUSPICIOUS_MOVE = YES;
				CLANG_WARN_UNGUARDED_AVAILABILITY = YES_AGGRESSIVE;
				CLANG_WARN_UNREACHABLE_CODE = YES;
				CLANG_WARN__DUPLICATE_METHOD_MATCH = YES;
				COPY_PHASE_STRIP = NO;
				DEBUG_INFORMATION_FORMAT = "dwarf-with-dsym";
				ENABLE_NS_ASSERTIONS = NO;
				ENABLE_STRICT_OBJC_MSGSEND = YES;
				ENABLE_USER_SCRIPT_SANDBOXING = YES;
				GCC_C_LANGUAGE_STANDARD = gnu17;
				GCC_NO_COMMON_BLOCKS = YES;
				GCC_WARN_64_TO_32_BIT_CONVERSION = YES;
				GCC_WARN_ABOUT_RETURN_TYPE = YES_ERROR;
				GCC_WARN_UNDECLARED_SELECTOR = YES;
				GCC_WARN_UNINITIALIZED_AUTOS = YES_AGGRESSIVE;
				GCC_WARN_UNUSED_FUNCTION = YES;
				GCC_WARN_UNUSED_VARIABLE = YES;
				IPHONEOS_DEPLOYMENT_TARGET = 18.1;
				LOCALIZATION_PREFERS_STRING_CATALOGS = YES;
				MTL_ENABLE_DEBUG_INFO = NO;
				MTL_FAST_MATH = YES;
				SDKROOT = iphoneos;
				SWIFT_COMPILATION_MODE = wholemodule;
				VALIDATE_PRODUCT = YES;
			};
			name = Release;
		};
		D816DE452CF8CBE600AD84AC /* Debug */ = {
			isa = XCBuildConfiguration;
			buildSettings = {
				BUNDLE_LOADER = "$(TEST_HOST)";
				CODE_SIGN_STYLE = Automatic;
				CURRENT_PROJECT_VERSION = 1;
				DEVELOPMENT_TEAM = 359X75B9C6;
				GENERATE_INFOPLIST_FILE = YES;
				IPHONEOS_DEPLOYMENT_TARGET = 18.1;
				MARKETING_VERSION = 1.0;
				PRODUCT_BUNDLE_IDENTIFIER = none.HeroRandomizerTests;
				PRODUCT_NAME = "$(TARGET_NAME)";
				SWIFT_EMIT_LOC_STRINGS = NO;
				SWIFT_VERSION = 5.0;
				TARGETED_DEVICE_FAMILY = "1,2";
				TEST_HOST = "$(BUILT_PRODUCTS_DIR)/HeroRandomizer.app/$(BUNDLE_EXECUTABLE_FOLDER_PATH)/HeroRandomizer";
			};
			name = Debug;
		};
		D816DE462CF8CBE600AD84AC /* Release */ = {
			isa = XCBuildConfiguration;
			buildSettings = {
				BUNDLE_LOADER = "$(TEST_HOST)";
				CODE_SIGN_STYLE = Automatic;
				CURRENT_PROJECT_VERSION = 1;
				DEVELOPMENT_TEAM = 359X75B9C6;
				GENERATE_INFOPLIST_FILE = YES;
				IPHONEOS_DEPLOYMENT_TARGET = 18.1;
				MARKETING_VERSION = 1.0;
				PRODUCT_BUNDLE_IDENTIFIER = none.HeroRandomizerTests;
				PRODUCT_NAME = "$(TARGET_NAME)";
				SWIFT_EMIT_LOC_STRINGS = NO;
				SWIFT_VERSION = 5.0;
				TARGETED_DEVICE_FAMILY = "1,2";
				TEST_HOST = "$(BUILT_PRODUCTS_DIR)/HeroRandomizer.app/$(BUNDLE_EXECUTABLE_FOLDER_PATH)/HeroRandomizer";
			};
			name = Release;
		};
		D816DE482CF8CBE600AD84AC /* Debug */ = {
			isa = XCBuildConfiguration;
			buildSettings = {
				CODE_SIGN_STYLE = Automatic;
				CURRENT_PROJECT_VERSION = 1;
				DEVELOPMENT_TEAM = 359X75B9C6;
				GENERATE_INFOPLIST_FILE = YES;
				MARKETING_VERSION = 1.0;
				PRODUCT_BUNDLE_IDENTIFIER = none.HeroRandomizerUITests;
				PRODUCT_NAME = "$(TARGET_NAME)";
				SWIFT_EMIT_LOC_STRINGS = NO;
				SWIFT_VERSION = 5.0;
				TARGETED_DEVICE_FAMILY = "1,2";
				TEST_TARGET_NAME = HeroRandomizer;
			};
			name = Debug;
		};
		D816DE492CF8CBE600AD84AC /* Release */ = {
			isa = XCBuildConfiguration;
			buildSettings = {
				CODE_SIGN_STYLE = Automatic;
				CURRENT_PROJECT_VERSION = 1;
				DEVELOPMENT_TEAM = 359X75B9C6;
				GENERATE_INFOPLIST_FILE = YES;
				MARKETING_VERSION = 1.0;
				PRODUCT_BUNDLE_IDENTIFIER = none.HeroRandomizerUITests;
				PRODUCT_NAME = "$(TARGET_NAME)";
				SWIFT_EMIT_LOC_STRINGS = NO;
				SWIFT_VERSION = 5.0;
				TARGETED_DEVICE_FAMILY = "1,2";
				TEST_TARGET_NAME = HeroRandomizer;
			};
			name = Release;
		};
/* End XCBuildConfiguration section */

/* Begin XCConfigurationList section */
		D816DE112CF8CBE500AD84AC /* Build configuration list for PBXProject "HeroRandomizer" */ = {
			isa = XCConfigurationList;
			buildConfigurations = (
				D816DE422CF8CBE600AD84AC /* Debug */,
				D816DE432CF8CBE600AD84AC /* Release */,
			);
			defaultConfigurationIsVisible = 0;
			defaultConfigurationName = Release;
		};
		D816DE3F2CF8CBE600AD84AC /* Build configuration list for PBXNativeTarget "HeroRandomizer" */ = {
			isa = XCConfigurationList;
			buildConfigurations = (
				D816DE402CF8CBE600AD84AC /* Debug */,
				D816DE412CF8CBE600AD84AC /* Release */,
			);
			defaultConfigurationIsVisible = 0;
			defaultConfigurationName = Release;
		};
		D816DE442CF8CBE600AD84AC /* Build configuration list for PBXNativeTarget "HeroRandomizerTests" */ = {
			isa = XCConfigurationList;
			buildConfigurations = (
				D816DE452CF8CBE600AD84AC /* Debug */,
				D816DE462CF8CBE600AD84AC /* Release */,
			);
			defaultConfigurationIsVisible = 0;
			defaultConfigurationName = Release;
		};
		D816DE472CF8CBE600AD84AC /* Build configuration list for PBXNativeTarget "HeroRandomizerUITests" */ = {
			isa = XCConfigurationList;
			buildConfigurations = (
				D816DE482CF8CBE600AD84AC /* Debug */,
				D816DE492CF8CBE600AD84AC /* Release */,
			);
			defaultConfigurationIsVisible = 0;
			defaultConfigurationName = Release;
		};
/* End XCConfigurationList section */

/* Begin XCRemoteSwiftPackageReference section */
		D816DE762CF9008D00AD84AC /* XCRemoteSwiftPackageReference "Kingfisher" */ = {
			isa = XCRemoteSwiftPackageReference;
			repositoryURL = "https://github.com/onevcat/Kingfisher";
			requirement = {
				kind = upToNextMajorVersion;
				minimumVersion = 8.1.1;
			};
		};
		D816DE8D2CF9072600AD84AC /* XCRemoteSwiftPackageReference "Alamofire" */ = {
			isa = XCRemoteSwiftPackageReference;
			repositoryURL = "https://github.com/Alamofire/Alamofire";
			requirement = {
				kind = upToNextMajorVersion;
				minimumVersion = 5.10.2;
			};
		};
/* End XCRemoteSwiftPackageReference section */

/* Begin XCSwiftPackageProductDependency section */
		D816DE8F2CF907F400AD84AC /* Kingfisher */ = {
			isa = XCSwiftPackageProductDependency;
			package = D816DE762CF9008D00AD84AC /* XCRemoteSwiftPackageReference "Kingfisher" */;
			productName = Kingfisher;
		};
		D816DE912CF907FA00AD84AC /* Alamofire */ = {
			isa = XCSwiftPackageProductDependency;
			package = D816DE8D2CF9072600AD84AC /* XCRemoteSwiftPackageReference "Alamofire" */;
			productName = Alamofire;
		};
/* End XCSwiftPackageProductDependency section */
	};
	rootObject = D816DE0E2CF8CBE500AD84AC /* Project object */;
}
