// !$*UTF8*$!
{
	archiveVersion = 1;
	classes = {
	};
	objectVersion = 56;
	objects = {

/* Begin PBXBuildFile section */
		1380949C2CC0470C0072EC2F /* alarm_sound.wav in Resources */ = {isa = PBXBuildFile; fileRef = 1380949A2CC0470C0072EC2F /* alarm_sound.wav */; };
		13E0FF692CBE8545007581E7 /* AppDelegate.swift in Sources */ = {isa = PBXBuildFile; fileRef = 13E0FF682CBE8545007581E7 /* AppDelegate.swift */; };
		13E0FF6B2CBE8545007581E7 /* SceneDelegate.swift in Sources */ = {isa = PBXBuildFile; fileRef = 13E0FF6A2CBE8545007581E7 /* SceneDelegate.swift */; };
		13E0FF6D2CBE8545007581E7 /* ViewController.swift in Sources */ = {isa = PBXBuildFile; fileRef = 13E0FF6C2CBE8545007581E7 /* ViewController.swift */; };
		13E0FF702CBE8545007581E7 /* Base in Resources */ = {isa = PBXBuildFile; fileRef = 13E0FF6F2CBE8545007581E7 /* Base */; };
		13E0FF722CBE8547007581E7 /* Assets.xcassets in Resources */ = {isa = PBXBuildFile; fileRef = 13E0FF712CBE8547007581E7 /* Assets.xcassets */; };
		13E0FF752CBE8547007581E7 /* Base in Resources */ = {isa = PBXBuildFile; fileRef = 13E0FF742CBE8547007581E7 /* Base */; };
		13E0FF802CBE8547007581E7 /* EggTimerTests.swift in Sources */ = {isa = PBXBuildFile; fileRef = 13E0FF7F2CBE8547007581E7 /* EggTimerTests.swift */; };
		13E0FF8A2CBE8547007581E7 /* EggTimerUITests.swift in Sources */ = {isa = PBXBuildFile; fileRef = 13E0FF892CBE8547007581E7 /* EggTimerUITests.swift */; };
		13E0FF8C2CBE8547007581E7 /* EggTimerUITestsLaunchTests.swift in Sources */ = {isa = PBXBuildFile; fileRef = 13E0FF8B2CBE8547007581E7 /* EggTimerUITestsLaunchTests.swift */; };
/* End PBXBuildFile section */

/* Begin PBXContainerItemProxy section */
		13E0FF7C2CBE8547007581E7 /* PBXContainerItemProxy */ = {
			isa = PBXContainerItemProxy;
			containerPortal = 13E0FF5D2CBE8545007581E7 /* Project object */;
			proxyType = 1;
			remoteGlobalIDString = 13E0FF642CBE8545007581E7;
			remoteInfo = EggTimer;
		};
		13E0FF862CBE8547007581E7 /* PBXContainerItemProxy */ = {
			isa = PBXContainerItemProxy;
			containerPortal = 13E0FF5D2CBE8545007581E7 /* Project object */;
			proxyType = 1;
			remoteGlobalIDString = 13E0FF642CBE8545007581E7;
			remoteInfo = EggTimer;
		};
/* End PBXContainerItemProxy section */

/* Begin PBXFileReference section */
		1380949A2CC0470C0072EC2F /* alarm_sound.wav */ = {isa = PBXFileReference; lastKnownFileType = audio.wav; path = alarm_sound.wav; sourceTree = "<group>"; };
		13E0FF652CBE8545007581E7 /* EggTimer.app */ = {isa = PBXFileReference; explicitFileType = wrapper.application; includeInIndex = 0; path = EggTimer.app; sourceTree = BUILT_PRODUCTS_DIR; };
		13E0FF682CBE8545007581E7 /* AppDelegate.swift */ = {isa = PBXFileReference; lastKnownFileType = sourcecode.swift; path = AppDelegate.swift; sourceTree = "<group>"; };
		13E0FF6A2CBE8545007581E7 /* SceneDelegate.swift */ = {isa = PBXFileReference; lastKnownFileType = sourcecode.swift; path = SceneDelegate.swift; sourceTree = "<group>"; };
		13E0FF6C2CBE8545007581E7 /* ViewController.swift */ = {isa = PBXFileReference; lastKnownFileType = sourcecode.swift; path = ViewController.swift; sourceTree = "<group>"; };
		13E0FF6F2CBE8545007581E7 /* Base */ = {isa = PBXFileReference; lastKnownFileType = file.storyboard; name = Base; path = Base.lproj/Main.storyboard; sourceTree = "<group>"; };
		13E0FF712CBE8547007581E7 /* Assets.xcassets */ = {isa = PBXFileReference; lastKnownFileType = folder.assetcatalog; path = Assets.xcassets; sourceTree = "<group>"; };
		13E0FF742CBE8547007581E7 /* Base */ = {isa = PBXFileReference; lastKnownFileType = file.storyboard; name = Base; path = Base.lproj/LaunchScreen.storyboard; sourceTree = "<group>"; };
		13E0FF762CBE8547007581E7 /* Info.plist */ = {isa = PBXFileReference; lastKnownFileType = text.plist.xml; path = Info.plist; sourceTree = "<group>"; };
		13E0FF7B2CBE8547007581E7 /* EggTimerTests.xctest */ = {isa = PBXFileReference; explicitFileType = wrapper.cfbundle; includeInIndex = 0; path = EggTimerTests.xctest; sourceTree = BUILT_PRODUCTS_DIR; };
		13E0FF7F2CBE8547007581E7 /* EggTimerTests.swift */ = {isa = PBXFileReference; lastKnownFileType = sourcecode.swift; path = EggTimerTests.swift; sourceTree = "<group>"; };
		13E0FF852CBE8547007581E7 /* EggTimerUITests.xctest */ = {isa = PBXFileReference; explicitFileType = wrapper.cfbundle; includeInIndex = 0; path = EggTimerUITests.xctest; sourceTree = BUILT_PRODUCTS_DIR; };
		13E0FF892CBE8547007581E7 /* EggTimerUITests.swift */ = {isa = PBXFileReference; lastKnownFileType = sourcecode.swift; path = EggTimerUITests.swift; sourceTree = "<group>"; };
		13E0FF8B2CBE8547007581E7 /* EggTimerUITestsLaunchTests.swift */ = {isa = PBXFileReference; lastKnownFileType = sourcecode.swift; path = EggTimerUITestsLaunchTests.swift; sourceTree = "<group>"; };
/* End PBXFileReference section */

/* Begin PBXFrameworksBuildPhase section */
		13E0FF622CBE8545007581E7 /* Frameworks */ = {
			isa = PBXFrameworksBuildPhase;
			buildActionMask = 2147483647;
			files = (
			);
			runOnlyForDeploymentPostprocessing = 0;
		};
		13E0FF782CBE8547007581E7 /* Frameworks */ = {
			isa = PBXFrameworksBuildPhase;
			buildActionMask = 2147483647;
			files = (
			);
			runOnlyForDeploymentPostprocessing = 0;
		};
		13E0FF822CBE8547007581E7 /* Frameworks */ = {
			isa = PBXFrameworksBuildPhase;
			buildActionMask = 2147483647;
			files = (
			);
			runOnlyForDeploymentPostprocessing = 0;
		};
/* End PBXFrameworksBuildPhase section */

/* Begin PBXGroup section */
		1380949B2CC0470C0072EC2F /* Sounds */ = {
			isa = PBXGroup;
			children = (
				1380949A2CC0470C0072EC2F /* alarm_sound.wav */,
			);
			path = Sounds;
			sourceTree = SOURCE_ROOT;
		};
		13E0FF5C2CBE8545007581E7 = {
			isa = PBXGroup;
			children = (
				13E0FF672CBE8545007581E7 /* EggTimer */,
				13E0FF7E2CBE8547007581E7 /* EggTimerTests */,
				13E0FF882CBE8547007581E7 /* EggTimerUITests */,
				13E0FF662CBE8545007581E7 /* Products */,
			);
			sourceTree = "<group>";
		};
		13E0FF662CBE8545007581E7 /* Products */ = {
			isa = PBXGroup;
			children = (
				13E0FF652CBE8545007581E7 /* EggTimer.app */,
				13E0FF7B2CBE8547007581E7 /* EggTimerTests.xctest */,
				13E0FF852CBE8547007581E7 /* EggTimerUITests.xctest */,
			);
			name = Products;
			sourceTree = "<group>";
		};
		13E0FF672CBE8545007581E7 /* EggTimer */ = {
			isa = PBXGroup;
			children = (
				1380949B2CC0470C0072EC2F /* Sounds */,
				13E0FF682CBE8545007581E7 /* AppDelegate.swift */,
				13E0FF6A2CBE8545007581E7 /* SceneDelegate.swift */,
				13E0FF6C2CBE8545007581E7 /* ViewController.swift */,
				13E0FF6E2CBE8545007581E7 /* Main.storyboard */,
				13E0FF712CBE8547007581E7 /* Assets.xcassets */,
				13E0FF732CBE8547007581E7 /* LaunchScreen.storyboard */,
				13E0FF762CBE8547007581E7 /* Info.plist */,
			);
			path = EggTimer;
			sourceTree = "<group>";
		};
		13E0FF7E2CBE8547007581E7 /* EggTimerTests */ = {
			isa = PBXGroup;
			children = (
				13E0FF7F2CBE8547007581E7 /* EggTimerTests.swift */,
			);
			path = EggTimerTests;
			sourceTree = "<group>";
		};
		13E0FF882CBE8547007581E7 /* EggTimerUITests */ = {
			isa = PBXGroup;
			children = (
				13E0FF892CBE8547007581E7 /* EggTimerUITests.swift */,
				13E0FF8B2CBE8547007581E7 /* EggTimerUITestsLaunchTests.swift */,
			);
			path = EggTimerUITests;
			sourceTree = "<group>";
		};
/* End PBXGroup section */

/* Begin PBXNativeTarget section */
		13E0FF642CBE8545007581E7 /* EggTimer */ = {
			isa = PBXNativeTarget;
			buildConfigurationList = 13E0FF8F2CBE8547007581E7 /* Build configuration list for PBXNativeTarget "EggTimer" */;
			buildPhases = (
				13E0FF612CBE8545007581E7 /* Sources */,
				13E0FF622CBE8545007581E7 /* Frameworks */,
				13E0FF632CBE8545007581E7 /* Resources */,
			);
			buildRules = (
			);
			dependencies = (
			);
			name = EggTimer;
			productName = EggTimer;
			productReference = 13E0FF652CBE8545007581E7 /* EggTimer.app */;
			productType = "com.apple.product-type.application";
		};
		13E0FF7A2CBE8547007581E7 /* EggTimerTests */ = {
			isa = PBXNativeTarget;
			buildConfigurationList = 13E0FF922CBE8547007581E7 /* Build configuration list for PBXNativeTarget "EggTimerTests" */;
			buildPhases = (
				13E0FF772CBE8547007581E7 /* Sources */,
				13E0FF782CBE8547007581E7 /* Frameworks */,
				13E0FF792CBE8547007581E7 /* Resources */,
			);
			buildRules = (
			);
			dependencies = (
				13E0FF7D2CBE8547007581E7 /* PBXTargetDependency */,
			);
			name = EggTimerTests;
			productName = EggTimerTests;
			productReference = 13E0FF7B2CBE8547007581E7 /* EggTimerTests.xctest */;
			productType = "com.apple.product-type.bundle.unit-test";
		};
		13E0FF842CBE8547007581E7 /* EggTimerUITests */ = {
			isa = PBXNativeTarget;
			buildConfigurationList = 13E0FF952CBE8547007581E7 /* Build configuration list for PBXNativeTarget "EggTimerUITests" */;
			buildPhases = (
				13E0FF812CBE8547007581E7 /* Sources */,
				13E0FF822CBE8547007581E7 /* Frameworks */,
				13E0FF832CBE8547007581E7 /* Resources */,
			);
			buildRules = (
			);
			dependencies = (
				13E0FF872CBE8547007581E7 /* PBXTargetDependency */,
			);
			name = EggTimerUITests;
			productName = EggTimerUITests;
			productReference = 13E0FF852CBE8547007581E7 /* EggTimerUITests.xctest */;
			productType = "com.apple.product-type.bundle.ui-testing";
		};
/* End PBXNativeTarget section */

/* Begin PBXProject section */
		13E0FF5D2CBE8545007581E7 /* Project object */ = {
			isa = PBXProject;
			attributes = {
				BuildIndependentTargetsInParallel = 1;
				LastSwiftUpdateCheck = 1540;
				LastUpgradeCheck = 1540;
				TargetAttributes = {
					13E0FF642CBE8545007581E7 = {
						CreatedOnToolsVersion = 15.4;
					};
					13E0FF7A2CBE8547007581E7 = {
						CreatedOnToolsVersion = 15.4;
						TestTargetID = 13E0FF642CBE8545007581E7;
					};
					13E0FF842CBE8547007581E7 = {
						CreatedOnToolsVersion = 15.4;
						TestTargetID = 13E0FF642CBE8545007581E7;
					};
				};
			};
			buildConfigurationList = 13E0FF602CBE8545007581E7 /* Build configuration list for PBXProject "EggTimer" */;
			compatibilityVersion = "Xcode 14.0";
			developmentRegion = en;
			hasScannedForEncodings = 0;
			knownRegions = (
				en,
				Base,
			);
			mainGroup = 13E0FF5C2CBE8545007581E7;
			productRefGroup = 13E0FF662CBE8545007581E7 /* Products */;
			projectDirPath = "";
			projectRoot = "";
			targets = (
				13E0FF642CBE8545007581E7 /* EggTimer */,
				13E0FF7A2CBE8547007581E7 /* EggTimerTests */,
				13E0FF842CBE8547007581E7 /* EggTimerUITests */,
			);
		};
/* End PBXProject section */

/* Begin PBXResourcesBuildPhase section */
		13E0FF632CBE8545007581E7 /* Resources */ = {
			isa = PBXResourcesBuildPhase;
			buildActionMask = 2147483647;
			files = (
				1380949C2CC0470C0072EC2F /* alarm_sound.wav in Resources */,
				13E0FF722CBE8547007581E7 /* Assets.xcassets in Resources */,
				13E0FF752CBE8547007581E7 /* Base in Resources */,
				13E0FF702CBE8545007581E7 /* Base in Resources */,
			);
			runOnlyForDeploymentPostprocessing = 0;
		};
		13E0FF792CBE8547007581E7 /* Resources */ = {
			isa = PBXResourcesBuildPhase;
			buildActionMask = 2147483647;
			files = (
			);
			runOnlyForDeploymentPostprocessing = 0;
		};
		13E0FF832CBE8547007581E7 /* Resources */ = {
			isa = PBXResourcesBuildPhase;
			buildActionMask = 2147483647;
			files = (
			);
			runOnlyForDeploymentPostprocessing = 0;
		};
/* End PBXResourcesBuildPhase section */

/* Begin PBXSourcesBuildPhase section */
		13E0FF612CBE8545007581E7 /* Sources */ = {
			isa = PBXSourcesBuildPhase;
			buildActionMask = 2147483647;
			files = (
				13E0FF6D2CBE8545007581E7 /* ViewController.swift in Sources */,
				13E0FF692CBE8545007581E7 /* AppDelegate.swift in Sources */,
				13E0FF6B2CBE8545007581E7 /* SceneDelegate.swift in Sources */,
			);
			runOnlyForDeploymentPostprocessing = 0;
		};
		13E0FF772CBE8547007581E7 /* Sources */ = {
			isa = PBXSourcesBuildPhase;
			buildActionMask = 2147483647;
			files = (
				13E0FF802CBE8547007581E7 /* EggTimerTests.swift in Sources */,
			);
			runOnlyForDeploymentPostprocessing = 0;
		};
		13E0FF812CBE8547007581E7 /* Sources */ = {
			isa = PBXSourcesBuildPhase;
			buildActionMask = 2147483647;
			files = (
				13E0FF8C2CBE8547007581E7 /* EggTimerUITestsLaunchTests.swift in Sources */,
				13E0FF8A2CBE8547007581E7 /* EggTimerUITests.swift in Sources */,
			);
			runOnlyForDeploymentPostprocessing = 0;
		};
/* End PBXSourcesBuildPhase section */

/* Begin PBXTargetDependency section */
		13E0FF7D2CBE8547007581E7 /* PBXTargetDependency */ = {
			isa = PBXTargetDependency;
			target = 13E0FF642CBE8545007581E7 /* EggTimer */;
			targetProxy = 13E0FF7C2CBE8547007581E7 /* PBXContainerItemProxy */;
		};
		13E0FF872CBE8547007581E7 /* PBXTargetDependency */ = {
			isa = PBXTargetDependency;
			target = 13E0FF642CBE8545007581E7 /* EggTimer */;
			targetProxy = 13E0FF862CBE8547007581E7 /* PBXContainerItemProxy */;
		};
/* End PBXTargetDependency section */

/* Begin PBXVariantGroup section */
		13E0FF6E2CBE8545007581E7 /* Main.storyboard */ = {
			isa = PBXVariantGroup;
			children = (
				13E0FF6F2CBE8545007581E7 /* Base */,
			);
			name = Main.storyboard;
			sourceTree = "<group>";
		};
		13E0FF732CBE8547007581E7 /* LaunchScreen.storyboard */ = {
			isa = PBXVariantGroup;
			children = (
				13E0FF742CBE8547007581E7 /* Base */,
			);
			name = LaunchScreen.storyboard;
			sourceTree = "<group>";
		};
/* End PBXVariantGroup section */

/* Begin XCBuildConfiguration section */
		13E0FF8D2CBE8547007581E7 /* Debug */ = {
			isa = XCBuildConfiguration;
			buildSettings = {
				ALWAYS_SEARCH_USER_PATHS = NO;
				ASSETCATALOG_COMPILER_GENERATE_SWIFT_ASSET_SYMBOL_EXTENSIONS = YES;
				CLANG_ANALYZER_NONNULL = YES;
				CLANG_ANALYZER_NUMBER_OBJECT_CONVERSION = YES_AGGRESSIVE;
				CLANG_CXX_LANGUAGE_STANDARD = "gnu++20";
				CLANG_ENABLE_MODULES = YES;
				CLANG_ENABLE_OBJC_ARC = YES;
				CLANG_ENABLE_OBJC_WEAK = YES;
				CLANG_WARN_BLOCK_CAPTURE_AUTORELEASING = YES;
				CLANG_WARN_BOOL_CONVERSION = YES;
				CLANG_WARN_COMMA = YES;
				CLANG_WARN_CONSTANT_CONVERSION = YES;
				CLANG_WARN_DEPRECATED_OBJC_IMPLEMENTATIONS = YES;
				CLANG_WARN_DIRECT_OBJC_ISA_USAGE = YES_ERROR;
				CLANG_WARN_DOCUMENTATION_COMMENTS = YES;
				CLANG_WARN_EMPTY_BODY = YES;
				CLANG_WARN_ENUM_CONVERSION = YES;
				CLANG_WARN_INFINITE_RECURSION = YES;
				CLANG_WARN_INT_CONVERSION = YES;
				CLANG_WARN_NON_LITERAL_NULL_CONVERSION = YES;
				CLANG_WARN_OBJC_IMPLICIT_RETAIN_SELF = YES;
				CLANG_WARN_OBJC_LITERAL_CONVERSION = YES;
				CLANG_WARN_OBJC_ROOT_CLASS = YES_ERROR;
				CLANG_WARN_QUOTED_INCLUDE_IN_FRAMEWORK_HEADER = YES;
				CLANG_WARN_RANGE_LOOP_ANALYSIS = YES;
				CLANG_WARN_STRICT_PROTOTYPES = YES;
				CLANG_WARN_SUSPICIOUS_MOVE = YES;
				CLANG_WARN_UNGUARDED_AVAILABILITY = YES_AGGRESSIVE;
				CLANG_WARN_UNREACHABLE_CODE = YES;
				CLANG_WARN__DUPLICATE_METHOD_MATCH = YES;
				COPY_PHASE_STRIP = NO;
				DEBUG_INFORMATION_FORMAT = dwarf;
				ENABLE_STRICT_OBJC_MSGSEND = YES;
				ENABLE_TESTABILITY = YES;
				ENABLE_USER_SCRIPT_SANDBOXING = YES;
				GCC_C_LANGUAGE_STANDARD = gnu17;
				GCC_DYNAMIC_NO_PIC = NO;
				GCC_NO_COMMON_BLOCKS = YES;
				GCC_OPTIMIZATION_LEVEL = 0;
				GCC_PREPROCESSOR_DEFINITIONS = (
					"DEBUG=1",
					"$(inherited)",
				);
				GCC_WARN_64_TO_32_BIT_CONVERSION = YES;
				GCC_WARN_ABOUT_RETURN_TYPE = YES_ERROR;
				GCC_WARN_UNDECLARED_SELECTOR = YES;
				GCC_WARN_UNINITIALIZED_AUTOS = YES_AGGRESSIVE;
				GCC_WARN_UNUSED_FUNCTION = YES;
				GCC_WARN_UNUSED_VARIABLE = YES;
				IPHONEOS_DEPLOYMENT_TARGET = 17.5;
				LOCALIZATION_PREFERS_STRING_CATALOGS = YES;
				MTL_ENABLE_DEBUG_INFO = INCLUDE_SOURCE;
				MTL_FAST_MATH = YES;
				ONLY_ACTIVE_ARCH = YES;
				SDKROOT = iphoneos;
				SWIFT_ACTIVE_COMPILATION_CONDITIONS = "DEBUG $(inherited)";
				SWIFT_OPTIMIZATION_LEVEL = "-Onone";
			};
			name = Debug;
		};
		13E0FF8E2CBE8547007581E7 /* Release */ = {
			isa = XCBuildConfiguration;
			buildSettings = {
				ALWAYS_SEARCH_USER_PATHS = NO;
				ASSETCATALOG_COMPILER_GENERATE_SWIFT_ASSET_SYMBOL_EXTENSIONS = YES;
				CLANG_ANALYZER_NONNULL = YES;
				CLANG_ANALYZER_NUMBER_OBJECT_CONVERSION = YES_AGGRESSIVE;
				CLANG_CXX_LANGUAGE_STANDARD = "gnu++20";
				CLANG_ENABLE_MODULES = YES;
				CLANG_ENABLE_OBJC_ARC = YES;
				CLANG_ENABLE_OBJC_WEAK = YES;
				CLANG_WARN_BLOCK_CAPTURE_AUTORELEASING = YES;
				CLANG_WARN_BOOL_CONVERSION = YES;
				CLANG_WARN_COMMA = YES;
				CLANG_WARN_CONSTANT_CONVERSION = YES;
				CLANG_WARN_DEPRECATED_OBJC_IMPLEMENTATIONS = YES;
				CLANG_WARN_DIRECT_OBJC_ISA_USAGE = YES_ERROR;
				CLANG_WARN_DOCUMENTATION_COMMENTS = YES;
				CLANG_WARN_EMPTY_BODY = YES;
				CLANG_WARN_ENUM_CONVERSION = YES;
				CLANG_WARN_INFINITE_RECURSION = YES;
				CLANG_WARN_INT_CONVERSION = YES;
				CLANG_WARN_NON_LITERAL_NULL_CONVERSION = YES;
				CLANG_WARN_OBJC_IMPLICIT_RETAIN_SELF = YES;
				CLANG_WARN_OBJC_LITERAL_CONVERSION = YES;
				CLANG_WARN_OBJC_ROOT_CLASS = YES_ERROR;
				CLANG_WARN_QUOTED_INCLUDE_IN_FRAMEWORK_HEADER = YES;
				CLANG_WARN_RANGE_LOOP_ANALYSIS = YES;
				CLANG_WARN_STRICT_PROTOTYPES = YES;
				CLANG_WARN_SUSPICIOUS_MOVE = YES;
				CLANG_WARN_UNGUARDED_AVAILABILITY = YES_AGGRESSIVE;
				CLANG_WARN_UNREACHABLE_CODE = YES;
				CLANG_WARN__DUPLICATE_METHOD_MATCH = YES;
				COPY_PHASE_STRIP = NO;
				DEBUG_INFORMATION_FORMAT = "dwarf-with-dsym";
				ENABLE_NS_ASSERTIONS = NO;
				ENABLE_STRICT_OBJC_MSGSEND = YES;
				ENABLE_USER_SCRIPT_SANDBOXING = YES;
				GCC_C_LANGUAGE_STANDARD = gnu17;
				GCC_NO_COMMON_BLOCKS = YES;
				GCC_WARN_64_TO_32_BIT_CONVERSION = YES;
				GCC_WARN_ABOUT_RETURN_TYPE = YES_ERROR;
				GCC_WARN_UNDECLARED_SELECTOR = YES;
				GCC_WARN_UNINITIALIZED_AUTOS = YES_AGGRESSIVE;
				GCC_WARN_UNUSED_FUNCTION = YES;
				GCC_WARN_UNUSED_VARIABLE = YES;
				IPHONEOS_DEPLOYMENT_TARGET = 17.5;
				LOCALIZATION_PREFERS_STRING_CATALOGS = YES;
				MTL_ENABLE_DEBUG_INFO = NO;
				MTL_FAST_MATH = YES;
				SDKROOT = iphoneos;
				SWIFT_COMPILATION_MODE = wholemodule;
				VALIDATE_PRODUCT = YES;
			};
			name = Release;
		};
		13E0FF902CBE8547007581E7 /* Debug */ = {
			isa = XCBuildConfiguration;
			buildSettings = {
				ASSETCATALOG_COMPILER_APPICON_NAME = AppIcon;
				ASSETCATALOG_COMPILER_GLOBAL_ACCENT_COLOR_NAME = AccentColor;
				CODE_SIGN_STYLE = Automatic;
				CURRENT_PROJECT_VERSION = 1;
				GENERATE_INFOPLIST_FILE = YES;
				INFOPLIST_FILE = EggTimer/Info.plist;
				INFOPLIST_KEY_UIApplicationSupportsIndirectInputEvents = YES;
				INFOPLIST_KEY_UILaunchStoryboardName = LaunchScreen;
				INFOPLIST_KEY_UIMainStoryboardFile = Main;
				INFOPLIST_KEY_UISupportedInterfaceOrientations_iPad = "UIInterfaceOrientationPortrait UIInterfaceOrientationPortraitUpsideDown UIInterfaceOrientationLandscapeLeft UIInterfaceOrientationLandscapeRight";
				INFOPLIST_KEY_UISupportedInterfaceOrientations_iPhone = "UIInterfaceOrientationPortrait UIInterfaceOrientationLandscapeLeft UIInterfaceOrientationLandscapeRight";
				LD_RUNPATH_SEARCH_PATHS = (
					"$(inherited)",
					"@executable_path/Frameworks",
				);
				MARKETING_VERSION = 1.0;
				PRODUCT_BUNDLE_IDENTIFIER = None.EggTimer;
				PRODUCT_NAME = "$(TARGET_NAME)";
				SWIFT_EMIT_LOC_STRINGS = YES;
				SWIFT_VERSION = 5.0;
				TARGETED_DEVICE_FAMILY = "1,2";
			};
			name = Debug;
		};
		13E0FF912CBE8547007581E7 /* Release */ = {
			isa = XCBuildConfiguration;
			buildSettings = {
				ASSETCATALOG_COMPILER_APPICON_NAME = AppIcon;
				ASSETCATALOG_COMPILER_GLOBAL_ACCENT_COLOR_NAME = AccentColor;
				CODE_SIGN_STYLE = Automatic;
				CURRENT_PROJECT_VERSION = 1;
				GENERATE_INFOPLIST_FILE = YES;
				INFOPLIST_FILE = EggTimer/Info.plist;
				INFOPLIST_KEY_UIApplicationSupportsIndirectInputEvents = YES;
				INFOPLIST_KEY_UILaunchStoryboardName = LaunchScreen;
				INFOPLIST_KEY_UIMainStoryboardFile = Main;
				INFOPLIST_KEY_UISupportedInterfaceOrientations_iPad = "UIInterfaceOrientationPortrait UIInterfaceOrientationPortraitUpsideDown UIInterfaceOrientationLandscapeLeft UIInterfaceOrientationLandscapeRight";
				INFOPLIST_KEY_UISupportedInterfaceOrientations_iPhone = "UIInterfaceOrientationPortrait UIInterfaceOrientationLandscapeLeft UIInterfaceOrientationLandscapeRight";
				LD_RUNPATH_SEARCH_PATHS = (
					"$(inherited)",
					"@executable_path/Frameworks",
				);
				MARKETING_VERSION = 1.0;
				PRODUCT_BUNDLE_IDENTIFIER = None.EggTimer;
				PRODUCT_NAME = "$(TARGET_NAME)";
				SWIFT_EMIT_LOC_STRINGS = YES;
				SWIFT_VERSION = 5.0;
				TARGETED_DEVICE_FAMILY = "1,2";
			};
			name = Release;
		};
		13E0FF932CBE8547007581E7 /* Debug */ = {
			isa = XCBuildConfiguration;
			buildSettings = {
				ALWAYS_EMBED_SWIFT_STANDARD_LIBRARIES = YES;
				BUNDLE_LOADER = "$(TEST_HOST)";
				CODE_SIGN_STYLE = Automatic;
				CURRENT_PROJECT_VERSION = 1;
				GENERATE_INFOPLIST_FILE = YES;
				IPHONEOS_DEPLOYMENT_TARGET = 17.5;
				MARKETING_VERSION = 1.0;
				PRODUCT_BUNDLE_IDENTIFIER = None.EggTimerTests;
				PRODUCT_NAME = "$(TARGET_NAME)";
				SWIFT_EMIT_LOC_STRINGS = NO;
				SWIFT_VERSION = 5.0;
				TARGETED_DEVICE_FAMILY = "1,2";
				TEST_HOST = "$(BUILT_PRODUCTS_DIR)/EggTimer.app/$(BUNDLE_EXECUTABLE_FOLDER_PATH)/EggTimer";
			};
			name = Debug;
		};
		13E0FF942CBE8547007581E7 /* Release */ = {
			isa = XCBuildConfiguration;
			buildSettings = {
				ALWAYS_EMBED_SWIFT_STANDARD_LIBRARIES = YES;
				BUNDLE_LOADER = "$(TEST_HOST)";
				CODE_SIGN_STYLE = Automatic;
				CURRENT_PROJECT_VERSION = 1;
				GENERATE_INFOPLIST_FILE = YES;
				IPHONEOS_DEPLOYMENT_TARGET = 17.5;
				MARKETING_VERSION = 1.0;
				PRODUCT_BUNDLE_IDENTIFIER = None.EggTimerTests;
				PRODUCT_NAME = "$(TARGET_NAME)";
				SWIFT_EMIT_LOC_STRINGS = NO;
				SWIFT_VERSION = 5.0;
				TARGETED_DEVICE_FAMILY = "1,2";
				TEST_HOST = "$(BUILT_PRODUCTS_DIR)/EggTimer.app/$(BUNDLE_EXECUTABLE_FOLDER_PATH)/EggTimer";
			};
			name = Release;
		};
		13E0FF962CBE8547007581E7 /* Debug */ = {
			isa = XCBuildConfiguration;
			buildSettings = {
				ALWAYS_EMBED_SWIFT_STANDARD_LIBRARIES = YES;
				CODE_SIGN_STYLE = Automatic;
				CURRENT_PROJECT_VERSION = 1;
				GENERATE_INFOPLIST_FILE = YES;
				MARKETING_VERSION = 1.0;
				PRODUCT_BUNDLE_IDENTIFIER = None.EggTimerUITests;
				PRODUCT_NAME = "$(TARGET_NAME)";
				SWIFT_EMIT_LOC_STRINGS = NO;
				SWIFT_VERSION = 5.0;
				TARGETED_DEVICE_FAMILY = "1,2";
				TEST_TARGET_NAME = EggTimer;
			};
			name = Debug;
		};
		13E0FF972CBE8547007581E7 /* Release */ = {
			isa = XCBuildConfiguration;
			buildSettings = {
				ALWAYS_EMBED_SWIFT_STANDARD_LIBRARIES = YES;
				CODE_SIGN_STYLE = Automatic;
				CURRENT_PROJECT_VERSION = 1;
				GENERATE_INFOPLIST_FILE = YES;
				MARKETING_VERSION = 1.0;
				PRODUCT_BUNDLE_IDENTIFIER = None.EggTimerUITests;
				PRODUCT_NAME = "$(TARGET_NAME)";
				SWIFT_EMIT_LOC_STRINGS = NO;
				SWIFT_VERSION = 5.0;
				TARGETED_DEVICE_FAMILY = "1,2";
				TEST_TARGET_NAME = EggTimer;
			};
			name = Release;
		};
/* End XCBuildConfiguration section */

/* Begin XCConfigurationList section */
		13E0FF602CBE8545007581E7 /* Build configuration list for PBXProject "EggTimer" */ = {
			isa = XCConfigurationList;
			buildConfigurations = (
				13E0FF8D2CBE8547007581E7 /* Debug */,
				13E0FF8E2CBE8547007581E7 /* Release */,
			);
			defaultConfigurationIsVisible = 0;
			defaultConfigurationName = Release;
		};
		13E0FF8F2CBE8547007581E7 /* Build configuration list for PBXNativeTarget "EggTimer" */ = {
			isa = XCConfigurationList;
			buildConfigurations = (
				13E0FF902CBE8547007581E7 /* Debug */,
				13E0FF912CBE8547007581E7 /* Release */,
			);
			defaultConfigurationIsVisible = 0;
			defaultConfigurationName = Release;
		};
		13E0FF922CBE8547007581E7 /* Build configuration list for PBXNativeTarget "EggTimerTests" */ = {
			isa = XCConfigurationList;
			buildConfigurations = (
				13E0FF932CBE8547007581E7 /* Debug */,
				13E0FF942CBE8547007581E7 /* Release */,
			);
			defaultConfigurationIsVisible = 0;
			defaultConfigurationName = Release;
		};
		13E0FF952CBE8547007581E7 /* Build configuration list for PBXNativeTarget "EggTimerUITests" */ = {
			isa = XCConfigurationList;
			buildConfigurations = (
				13E0FF962CBE8547007581E7 /* Debug */,
				13E0FF972CBE8547007581E7 /* Release */,
			);
			defaultConfigurationIsVisible = 0;
			defaultConfigurationName = Release;
		};
/* End XCConfigurationList section */
	};
	rootObject = 13E0FF5D2CBE8545007581E7 /* Project object */;
}
